Microsoft Visual Studio Solution File, Format Version 12.00
# Visual Studio 14
Project("{2150E333-8FDC-42A3-9474-1A3956D46DE8}") = "CMakePredefinedTargets", "CMakePredefinedTargets", "{60D13E20-BFAD-3A25-8E46-AEA31F5E2A17}"
EndProject
Project("{2150E333-8FDC-42A3-9474-1A3956D46DE8}") = "GLFW3", "GLFW3", "{4B3569C7-FD15-3C80-AF03-F80C9A69EBCF}"
EndProject
Project("{2150E333-8FDC-42A3-9474-1A3956D46DE8}") = "Examples", "GLFW3\Examples", "{2CE88E3D-A720-31A3-A9C7-81AA80291131}"
EndProject
Project("{2150E333-8FDC-42A3-9474-1A3956D46DE8}") = "Tests", "GLFW3\Tests", "{432BFA64-1FA5-3A78-A333-45ABC748D399}"
EndProject
Project("{8BC9CEB8-8B4A-11D0-8D11-00A0C91BC942}") = "ALL_BUILD", "ALL_BUILD.vcxproj", "{78A8F415-D46E-302C-8442-4A15290D255D}"
	ProjectSection(ProjectDependencies) = postProject
		{98F85471-D096-338D-9150-29755FA0D02B} = {98F85471-D096-338D-9150-29755FA0D02B}
		{D4848431-0F44-3A13-B64C-A96DFDABBE88} = {D4848431-0F44-3A13-B64C-A96DFDABBE88}
		{E8519D92-50D5-3D17-A305-83D7E7553479} = {E8519D92-50D5-3D17-A305-83D7E7553479}
		{3EDAFA2F-4758-3EE8-A676-C8E10C7761EE} = {3EDAFA2F-4758-3EE8-A676-C8E10C7761EE}
		{8F632A9C-26BF-3ED1-9BA6-BF6FAE43E72D} = {8F632A9C-26BF-3ED1-9BA6-BF6FAE43E72D}
		{26BB331B-6E84-321F-9024-1411ACDDFC8B} = {26BB331B-6E84-321F-9024-1411ACDDFC8B}
		{C07AC95F-BE0E-30CF-896A-0C5E1A3585B2} = {C07AC95F-BE0E-30CF-896A-0C5E1A3585B2}
		{CCC47D68-02D1-333B-AE3B-46829A36EB84} = {CCC47D68-02D1-333B-AE3B-46829A36EB84}
		{7D576DEB-A118-3235-98C1-1ACF72E3A973} = {7D576DEB-A118-3235-98C1-1ACF72E3A973}
		{6C0DBE77-EF30-3029-8953-C899084C02BC} = {6C0DBE77-EF30-3029-8953-C899084C02BC}
		{07E67F54-FD80-3833-ADD0-8E32470373B7} = {07E67F54-FD80-3833-ADD0-8E32470373B7}
		{06579BA8-2AC5-397D-BA91-A6E286551C10} = {06579BA8-2AC5-397D-BA91-A6E286551C10}
		{8CB32C47-07F7-30D1-9DCC-6E44C3E4C49C} = {8CB32C47-07F7-30D1-9DCC-6E44C3E4C49C}
		{49668AD0-57B3-387F-893B-E7A2A396FA26} = {49668AD0-57B3-387F-893B-E7A2A396FA26}
		{C938354F-38FC-3C2C-BE76-993ADEFFE6EA} = {C938354F-38FC-3C2C-BE76-993ADEFFE6EA}
		{DF2F18DD-D9E4-3079-AEEA-6BDF687D2110} = {DF2F18DD-D9E4-3079-AEEA-6BDF687D2110}
		{69B01B1D-64BF-32BD-828C-8935F8C0E61C} = {69B01B1D-64BF-32BD-828C-8935F8C0E61C}
		{F07CDDF1-1684-3EA4-9443-710DB7FE7B5A} = {F07CDDF1-1684-3EA4-9443-710DB7FE7B5A}
		{E4D5E6C0-F6FB-322F-A497-32FDFC131CE4} = {E4D5E6C0-F6FB-322F-A497-32FDFC131CE4}
		{DC92BE73-5E49-3EED-A566-5B8E0FAFCC1A} = {DC92BE73-5E49-3EED-A566-5B8E0FAFCC1A}
		{638C5E1D-3968-3E6C-8399-ED07A38C8FD3} = {638C5E1D-3968-3E6C-8399-ED07A38C8FD3}
		{1E035C6B-D021-3F1F-B04D-69F75739ABE2} = {1E035C6B-D021-3F1F-B04D-69F75739ABE2}
		{EC1135CD-F9B3-35F4-B776-DDFE5C1F18F4} = {EC1135CD-F9B3-35F4-B776-DDFE5C1F18F4}
		{728E9433-7B9C-3EF2-84C4-8CAD151AC6BD} = {728E9433-7B9C-3EF2-84C4-8CAD151AC6BD}
		{D43DA770-2D32-3681-87DB-5861A903E2E2} = {D43DA770-2D32-3681-87DB-5861A903E2E2}
		{49B913E3-847F-307E-82DB-0AFFCEBA719A} = {49B913E3-847F-307E-82DB-0AFFCEBA719A}
		{9686338F-D6FA-3C60-B2F5-82285F55FEC5} = {9686338F-D6FA-3C60-B2F5-82285F55FEC5}
		{073AA9D7-53B2-3919-B0EC-FD1F6E5F1145} = {073AA9D7-53B2-3919-B0EC-FD1F6E5F1145}
		{85D194C8-8579-3ECD-9BB2-59AA2252F5D5} = {85D194C8-8579-3ECD-9BB2-59AA2252F5D5}
		{869BFF7A-BB80-3C98-8540-A8A585D0E541} = {869BFF7A-BB80-3C98-8540-A8A585D0E541}
		{0E74652B-E60D-3B0F-A8FF-E5E4E788A119} = {0E74652B-E60D-3B0F-A8FF-E5E4E788A119}
		{C2751F7F-D770-389F-8C17-5E39D7ED47D1} = {C2751F7F-D770-389F-8C17-5E39D7ED47D1}
		{207FD603-F0FD-3C82-9E58-1A6456450258} = {207FD603-F0FD-3C82-9E58-1A6456450258}
		{64126B00-D881-3F67-8585-D2D4AB0D5D98} = {64126B00-D881-3F67-8585-D2D4AB0D5D98}
		{326A6CA7-E02E-3D69-8692-F7BF5170BF48} = {326A6CA7-E02E-3D69-8692-F7BF5170BF48}
		{F1AEE18C-D456-3284-990A-DDE2FE490B3E} = {F1AEE18C-D456-3284-990A-DDE2FE490B3E}
		{65543D5A-4F36-3383-BBE5-FA803658379B} = {65543D5A-4F36-3383-BBE5-FA803658379B}
		{9D721FE8-DE72-3D39-94B3-4DB9F4A659F9} = {9D721FE8-DE72-3D39-94B3-4DB9F4A659F9}
		{AA738EB4-27E2-3451-9831-2D7B03CB5A86} = {AA738EB4-27E2-3451-9831-2D7B03CB5A86}
		{8DFA3511-0D0A-3043-AFE4-26D0F2C3AE06} = {8DFA3511-0D0A-3043-AFE4-26D0F2C3AE06}
		{FC832BDE-768C-3E39-AE9F-6E42818518A3} = {FC832BDE-768C-3E39-AE9F-6E42818518A3}
		{BFFAACB7-9C23-3058-A803-36BD50F4EC68} = {BFFAACB7-9C23-3058-A803-36BD50F4EC68}
		{6BD741AA-D966-3574-9A87-179E9276CBF9} = {6BD741AA-D966-3574-9A87-179E9276CBF9}
		{AD2D805F-A95C-35B0-80C2-1118C54104C3} = {AD2D805F-A95C-35B0-80C2-1118C54104C3}
		{ED25C145-27FC-3A0F-BA21-EBD642BACD05} = {ED25C145-27FC-3A0F-BA21-EBD642BACD05}
		{B0595D57-2AF2-30BA-B660-F88AB6B24E6E} = {B0595D57-2AF2-30BA-B660-F88AB6B24E6E}
		{A0ECBF4B-69D3-3C1F-8AF0-4E16CC5D2ECD} = {A0ECBF4B-69D3-3C1F-8AF0-4E16CC5D2ECD}
		{F93D03E4-50A3-3E5F-AD7C-1C64C668447B} = {F93D03E4-50A3-3E5F-AD7C-1C64C668447B}
		{4DE9BD19-0578-3703-8867-094E682EBAF4} = {4DE9BD19-0578-3703-8867-094E682EBAF4}
		{1BD2E457-87C9-36D7-AD4D-03BEEDD61405} = {1BD2E457-87C9-36D7-AD4D-03BEEDD61405}
		{1B752258-1F5B-3A05-8D94-AFD47F2C1773} = {1B752258-1F5B-3A05-8D94-AFD47F2C1773}
		{2BAF51CF-FA58-3FA4-989F-B665F5B8E859} = {2BAF51CF-FA58-3FA4-989F-B665F5B8E859}
		{528E91A9-7691-3C00-A894-0BCF1065C4D4} = {528E91A9-7691-3C00-A894-0BCF1065C4D4}
		{53D94DDD-66B4-3F6E-A044-C7F87FC03D0A} = {53D94DDD-66B4-3F6E-A044-C7F87FC03D0A}
		{30E58300-8DE1-3D8D-A4A7-B7397C3A629D} = {30E58300-8DE1-3D8D-A4A7-B7397C3A629D}
		{68952075-99B8-37CF-8160-32E9C478D67D} = {68952075-99B8-37CF-8160-32E9C478D67D}
		{DF4E6742-1212-3021-836B-3EF77C8A30CB} = {DF4E6742-1212-3021-836B-3EF77C8A30CB}
		{75CCFAA3-5E23-3770-93F4-FF2B5647B9E4} = {75CCFAA3-5E23-3770-93F4-FF2B5647B9E4}
		{308DF93C-4361-3C5D-8271-BA353238772B} = {308DF93C-4361-3C5D-8271-BA353238772B}
	EndProjectSection
EndProject
Project("{8BC9CEB8-8B4A-11D0-8D11-00A0C91BC942}") = "ANTTWEAKBAR_116_OGLCORE_GLFW", "external\ANTTWEAKBAR_116_OGLCORE_GLFW.vcxproj", "{98F85471-D096-338D-9150-29755FA0D02B}"
	ProjectSection(ProjectDependencies) = postProject
		{C07AC95F-BE0E-30CF-896A-0C5E1A3585B2} = {C07AC95F-BE0E-30CF-896A-0C5E1A3585B2}
	EndProjectSection
EndProject
Project("{8BC9CEB8-8B4A-11D0-8D11-00A0C91BC942}") = "BulletCollision", "external\bullet-2.81-rev2613\src\BulletCollision\BulletCollision.vcxproj", "{D4848431-0F44-3A13-B64C-A96DFDABBE88}"
	ProjectSection(ProjectDependencies) = postProject
		{C07AC95F-BE0E-30CF-896A-0C5E1A3585B2} = {C07AC95F-BE0E-30CF-896A-0C5E1A3585B2}
	EndProjectSection
EndProject
Project("{8BC9CEB8-8B4A-11D0-8D11-00A0C91BC942}") = "BulletDynamics", "external\bullet-2.81-rev2613\src\BulletDynamics\BulletDynamics.vcxproj", "{E8519D92-50D5-3D17-A305-83D7E7553479}"
	ProjectSection(ProjectDependencies) = postProject
		{C07AC95F-BE0E-30CF-896A-0C5E1A3585B2} = {C07AC95F-BE0E-30CF-896A-0C5E1A3585B2}
	EndProjectSection
EndProject
Project("{8BC9CEB8-8B4A-11D0-8D11-00A0C91BC942}") = "BulletSoftBody", "external\bullet-2.81-rev2613\src\BulletSoftBody\BulletSoftBody.vcxproj", "{3EDAFA2F-4758-3EE8-A676-C8E10C7761EE}"
	ProjectSection(ProjectDependencies) = postProject
		{C07AC95F-BE0E-30CF-896A-0C5E1A3585B2} = {C07AC95F-BE0E-30CF-896A-0C5E1A3585B2}
	EndProjectSection
EndProject
Project("{8BC9CEB8-8B4A-11D0-8D11-00A0C91BC942}") = "GLEW_1130", "external\GLEW_1130.vcxproj", "{8F632A9C-26BF-3ED1-9BA6-BF6FAE43E72D}"
	ProjectSection(ProjectDependencies) = postProject
		{C07AC95F-BE0E-30CF-896A-0C5E1A3585B2} = {C07AC95F-BE0E-30CF-896A-0C5E1A3585B2}
	EndProjectSection
EndProject
Project("{8BC9CEB8-8B4A-11D0-8D11-00A0C91BC942}") = "INSTALL", "INSTALL.vcxproj", "{8BC16223-F5D3-32DF-9FB2-24615DC8A3F0}"
	ProjectSection(ProjectDependencies) = postProject
		{78A8F415-D46E-302C-8442-4A15290D255D} = {78A8F415-D46E-302C-8442-4A15290D255D}
		{C07AC95F-BE0E-30CF-896A-0C5E1A3585B2} = {C07AC95F-BE0E-30CF-896A-0C5E1A3585B2}
	EndProjectSection
EndProject
Project("{8BC9CEB8-8B4A-11D0-8D11-00A0C91BC942}") = "LinearMath", "external\bullet-2.81-rev2613\src\LinearMath\LinearMath.vcxproj", "{26BB331B-6E84-321F-9024-1411ACDDFC8B}"
	ProjectSection(ProjectDependencies) = postProject
		{C07AC95F-BE0E-30CF-896A-0C5E1A3585B2} = {C07AC95F-BE0E-30CF-896A-0C5E1A3585B2}
	EndProjectSection
EndProject
Project("{8BC9CEB8-8B4A-11D0-8D11-00A0C91BC942}") = "ZERO_CHECK", "ZERO_CHECK.vcxproj", "{C07AC95F-BE0E-30CF-896A-0C5E1A3585B2}"
	ProjectSection(ProjectDependencies) = postProject
	EndProjectSection
EndProject
Project("{8BC9CEB8-8B4A-11D0-8D11-00A0C91BC942}") = "assimp", "external\assimp-3.0.1270\code\assimp.vcxproj", "{CCC47D68-02D1-333B-AE3B-46829A36EB84}"
	ProjectSection(ProjectDependencies) = postProject
		{C07AC95F-BE0E-30CF-896A-0C5E1A3585B2} = {C07AC95F-BE0E-30CF-896A-0C5E1A3585B2}
		{308DF93C-4361-3C5D-8271-BA353238772B} = {308DF93C-4361-3C5D-8271-BA353238772B}
	EndProjectSection
EndProject
Project("{8BC9CEB8-8B4A-11D0-8D11-00A0C91BC942}") = "boing", "external\glfw-3.1.2\examples\boing.vcxproj", "{7D576DEB-A118-3235-98C1-1ACF72E3A973}"
	ProjectSection(ProjectDependencies) = postProject
		{C07AC95F-BE0E-30CF-896A-0C5E1A3585B2} = {C07AC95F-BE0E-30CF-896A-0C5E1A3585B2}
		{DF2F18DD-D9E4-3079-AEEA-6BDF687D2110} = {DF2F18DD-D9E4-3079-AEEA-6BDF687D2110}
	EndProjectSection
EndProject
Project("{8BC9CEB8-8B4A-11D0-8D11-00A0C91BC942}") = "clipboard", "external\glfw-3.1.2\tests\clipboard.vcxproj", "{6C0DBE77-EF30-3029-8953-C899084C02BC}"
	ProjectSection(ProjectDependencies) = postProject
		{C07AC95F-BE0E-30CF-896A-0C5E1A3585B2} = {C07AC95F-BE0E-30CF-896A-0C5E1A3585B2}
		{DF2F18DD-D9E4-3079-AEEA-6BDF687D2110} = {DF2F18DD-D9E4-3079-AEEA-6BDF687D2110}
	EndProjectSection
EndProject
Project("{8BC9CEB8-8B4A-11D0-8D11-00A0C91BC942}") = "cursor", "external\glfw-3.1.2\tests\cursor.vcxproj", "{07E67F54-FD80-3833-ADD0-8E32470373B7}"
	ProjectSection(ProjectDependencies) = postProject
		{C07AC95F-BE0E-30CF-896A-0C5E1A3585B2} = {C07AC95F-BE0E-30CF-896A-0C5E1A3585B2}
		{DF2F18DD-D9E4-3079-AEEA-6BDF687D2110} = {DF2F18DD-D9E4-3079-AEEA-6BDF687D2110}
	EndProjectSection
EndProject
Project("{8BC9CEB8-8B4A-11D0-8D11-00A0C91BC942}") = "empty", "external\glfw-3.1.2\tests\empty.vcxproj", "{06579BA8-2AC5-397D-BA91-A6E286551C10}"
	ProjectSection(ProjectDependencies) = postProject
		{C07AC95F-BE0E-30CF-896A-0C5E1A3585B2} = {C07AC95F-BE0E-30CF-896A-0C5E1A3585B2}
		{DF2F18DD-D9E4-3079-AEEA-6BDF687D2110} = {DF2F18DD-D9E4-3079-AEEA-6BDF687D2110}
	EndProjectSection
EndProject
Project("{8BC9CEB8-8B4A-11D0-8D11-00A0C91BC942}") = "events", "external\glfw-3.1.2\tests\events.vcxproj", "{8CB32C47-07F7-30D1-9DCC-6E44C3E4C49C}"
	ProjectSection(ProjectDependencies) = postProject
		{C07AC95F-BE0E-30CF-896A-0C5E1A3585B2} = {C07AC95F-BE0E-30CF-896A-0C5E1A3585B2}
		{DF2F18DD-D9E4-3079-AEEA-6BDF687D2110} = {DF2F18DD-D9E4-3079-AEEA-6BDF687D2110}
	EndProjectSection
EndProject
Project("{8BC9CEB8-8B4A-11D0-8D11-00A0C91BC942}") = "gamma", "external\glfw-3.1.2\tests\gamma.vcxproj", "{49668AD0-57B3-387F-893B-E7A2A396FA26}"
	ProjectSection(ProjectDependencies) = postProject
		{C07AC95F-BE0E-30CF-896A-0C5E1A3585B2} = {C07AC95F-BE0E-30CF-896A-0C5E1A3585B2}
		{DF2F18DD-D9E4-3079-AEEA-6BDF687D2110} = {DF2F18DD-D9E4-3079-AEEA-6BDF687D2110}
	EndProjectSection
EndProject
Project("{8BC9CEB8-8B4A-11D0-8D11-00A0C91BC942}") = "gears", "external\glfw-3.1.2\examples\gears.vcxproj", "{C938354F-38FC-3C2C-BE76-993ADEFFE6EA}"
	ProjectSection(ProjectDependencies) = postProject
		{C07AC95F-BE0E-30CF-896A-0C5E1A3585B2} = {C07AC95F-BE0E-30CF-896A-0C5E1A3585B2}
		{DF2F18DD-D9E4-3079-AEEA-6BDF687D2110} = {DF2F18DD-D9E4-3079-AEEA-6BDF687D2110}
	EndProjectSection
EndProject
Project("{8BC9CEB8-8B4A-11D0-8D11-00A0C91BC942}") = "glfw", "external\glfw-3.1.2\src\glfw.vcxproj", "{DF2F18DD-D9E4-3079-AEEA-6BDF687D2110}"
	ProjectSection(ProjectDependencies) = postProject
		{C07AC95F-BE0E-30CF-896A-0C5E1A3585B2} = {C07AC95F-BE0E-30CF-896A-0C5E1A3585B2}
	EndProjectSection
EndProject
Project("{8BC9CEB8-8B4A-11D0-8D11-00A0C91BC942}") = "glfwinfo", "external\glfw-3.1.2\tests\glfwinfo.vcxproj", "{69B01B1D-64BF-32BD-828C-8935F8C0E61C}"
	ProjectSection(ProjectDependencies) = postProject
		{C07AC95F-BE0E-30CF-896A-0C5E1A3585B2} = {C07AC95F-BE0E-30CF-896A-0C5E1A3585B2}
		{DF2F18DD-D9E4-3079-AEEA-6BDF687D2110} = {DF2F18DD-D9E4-3079-AEEA-6BDF687D2110}
	EndProjectSection
EndProject
Project("{8BC9CEB8-8B4A-11D0-8D11-00A0C91BC942}") = "heightmap", "external\glfw-3.1.2\examples\heightmap.vcxproj", "{F07CDDF1-1684-3EA4-9443-710DB7FE7B5A}"
	ProjectSection(ProjectDependencies) = postProject
		{C07AC95F-BE0E-30CF-896A-0C5E1A3585B2} = {C07AC95F-BE0E-30CF-896A-0C5E1A3585B2}
		{DF2F18DD-D9E4-3079-AEEA-6BDF687D2110} = {DF2F18DD-D9E4-3079-AEEA-6BDF687D2110}
	EndProjectSection
EndProject
Project("{8BC9CEB8-8B4A-11D0-8D11-00A0C91BC942}") = "iconify", "external\glfw-3.1.2\tests\iconify.vcxproj", "{E4D5E6C0-F6FB-322F-A497-32FDFC131CE4}"
	ProjectSection(ProjectDependencies) = postProject
		{C07AC95F-BE0E-30CF-896A-0C5E1A3585B2} = {C07AC95F-BE0E-30CF-896A-0C5E1A3585B2}
		{DF2F18DD-D9E4-3079-AEEA-6BDF687D2110} = {DF2F18DD-D9E4-3079-AEEA-6BDF687D2110}
	EndProjectSection
EndProject
Project("{8BC9CEB8-8B4A-11D0-8D11-00A0C91BC942}") = "joysticks", "external\glfw-3.1.2\tests\joysticks.vcxproj", "{DC92BE73-5E49-3EED-A566-5B8E0FAFCC1A}"
	ProjectSection(ProjectDependencies) = postProject
		{C07AC95F-BE0E-30CF-896A-0C5E1A3585B2} = {C07AC95F-BE0E-30CF-896A-0C5E1A3585B2}
		{DF2F18DD-D9E4-3079-AEEA-6BDF687D2110} = {DF2F18DD-D9E4-3079-AEEA-6BDF687D2110}
	EndProjectSection
EndProject
Project("{8BC9CEB8-8B4A-11D0-8D11-00A0C91BC942}") = "misc05_picking_BulletPhysics", "misc05_picking_BulletPhysics.vcxproj", "{638C5E1D-3968-3E6C-8399-ED07A38C8FD3}"
	ProjectSection(ProjectDependencies) = postProject
		{98F85471-D096-338D-9150-29755FA0D02B} = {98F85471-D096-338D-9150-29755FA0D02B}
		{D4848431-0F44-3A13-B64C-A96DFDABBE88} = {D4848431-0F44-3A13-B64C-A96DFDABBE88}
		{E8519D92-50D5-3D17-A305-83D7E7553479} = {E8519D92-50D5-3D17-A305-83D7E7553479}
		{8F632A9C-26BF-3ED1-9BA6-BF6FAE43E72D} = {8F632A9C-26BF-3ED1-9BA6-BF6FAE43E72D}
		{26BB331B-6E84-321F-9024-1411ACDDFC8B} = {26BB331B-6E84-321F-9024-1411ACDDFC8B}
		{C07AC95F-BE0E-30CF-896A-0C5E1A3585B2} = {C07AC95F-BE0E-30CF-896A-0C5E1A3585B2}
		{DF2F18DD-D9E4-3079-AEEA-6BDF687D2110} = {DF2F18DD-D9E4-3079-AEEA-6BDF687D2110}
	EndProjectSection
EndProject
Project("{8BC9CEB8-8B4A-11D0-8D11-00A0C91BC942}") = "misc05_picking_custom", "misc05_picking_custom.vcxproj", "{1E035C6B-D021-3F1F-B04D-69F75739ABE2}"
	ProjectSection(ProjectDependencies) = postProject
		{98F85471-D096-338D-9150-29755FA0D02B} = {98F85471-D096-338D-9150-29755FA0D02B}
		{8F632A9C-26BF-3ED1-9BA6-BF6FAE43E72D} = {8F632A9C-26BF-3ED1-9BA6-BF6FAE43E72D}
		{C07AC95F-BE0E-30CF-896A-0C5E1A3585B2} = {C07AC95F-BE0E-30CF-896A-0C5E1A3585B2}
		{DF2F18DD-D9E4-3079-AEEA-6BDF687D2110} = {DF2F18DD-D9E4-3079-AEEA-6BDF687D2110}
	EndProjectSection
EndProject
Project("{8BC9CEB8-8B4A-11D0-8D11-00A0C91BC942}") = "misc05_picking_slow_easy", "misc05_picking_slow_easy.vcxproj", "{EC1135CD-F9B3-35F4-B776-DDFE5C1F18F4}"
	ProjectSection(ProjectDependencies) = postProject
		{98F85471-D096-338D-9150-29755FA0D02B} = {98F85471-D096-338D-9150-29755FA0D02B}
		{8F632A9C-26BF-3ED1-9BA6-BF6FAE43E72D} = {8F632A9C-26BF-3ED1-9BA6-BF6FAE43E72D}
		{C07AC95F-BE0E-30CF-896A-0C5E1A3585B2} = {C07AC95F-BE0E-30CF-896A-0C5E1A3585B2}
		{DF2F18DD-D9E4-3079-AEEA-6BDF687D2110} = {DF2F18DD-D9E4-3079-AEEA-6BDF687D2110}
	EndProjectSection
EndProject
Project("{8BC9CEB8-8B4A-11D0-8D11-00A0C91BC942}") = "monitors", "external\glfw-3.1.2\tests\monitors.vcxproj", "{728E9433-7B9C-3EF2-84C4-8CAD151AC6BD}"
	ProjectSection(ProjectDependencies) = postProject
		{C07AC95F-BE0E-30CF-896A-0C5E1A3585B2} = {C07AC95F-BE0E-30CF-896A-0C5E1A3585B2}
		{DF2F18DD-D9E4-3079-AEEA-6BDF687D2110} = {DF2F18DD-D9E4-3079-AEEA-6BDF687D2110}
	EndProjectSection
EndProject
Project("{8BC9CEB8-8B4A-11D0-8D11-00A0C91BC942}") = "msaa", "external\glfw-3.1.2\tests\msaa.vcxproj", "{D43DA770-2D32-3681-87DB-5861A903E2E2}"
	ProjectSection(ProjectDependencies) = postProject
		{C07AC95F-BE0E-30CF-896A-0C5E1A3585B2} = {C07AC95F-BE0E-30CF-896A-0C5E1A3585B2}
		{DF2F18DD-D9E4-3079-AEEA-6BDF687D2110} = {DF2F18DD-D9E4-3079-AEEA-6BDF687D2110}
	EndProjectSection
EndProject
Project("{8BC9CEB8-8B4A-11D0-8D11-00A0C91BC942}") = "particles", "external\glfw-3.1.2\examples\particles.vcxproj", "{49B913E3-847F-307E-82DB-0AFFCEBA719A}"
	ProjectSection(ProjectDependencies) = postProject
		{C07AC95F-BE0E-30CF-896A-0C5E1A3585B2} = {C07AC95F-BE0E-30CF-896A-0C5E1A3585B2}
		{DF2F18DD-D9E4-3079-AEEA-6BDF687D2110} = {DF2F18DD-D9E4-3079-AEEA-6BDF687D2110}
	EndProjectSection
EndProject
Project("{8BC9CEB8-8B4A-11D0-8D11-00A0C91BC942}") = "playground", "playground.vcxproj", "{9686338F-D6FA-3C60-B2F5-82285F55FEC5}"
	ProjectSection(ProjectDependencies) = postProject
		{8F632A9C-26BF-3ED1-9BA6-BF6FAE43E72D} = {8F632A9C-26BF-3ED1-9BA6-BF6FAE43E72D}
		{C07AC95F-BE0E-30CF-896A-0C5E1A3585B2} = {C07AC95F-BE0E-30CF-896A-0C5E1A3585B2}
		{DF2F18DD-D9E4-3079-AEEA-6BDF687D2110} = {DF2F18DD-D9E4-3079-AEEA-6BDF687D2110}
	EndProjectSection
EndProject
Project("{8BC9CEB8-8B4A-11D0-8D11-00A0C91BC942}") = "reopen", "external\glfw-3.1.2\tests\reopen.vcxproj", "{073AA9D7-53B2-3919-B0EC-FD1F6E5F1145}"
	ProjectSection(ProjectDependencies) = postProject
		{C07AC95F-BE0E-30CF-896A-0C5E1A3585B2} = {C07AC95F-BE0E-30CF-896A-0C5E1A3585B2}
		{DF2F18DD-D9E4-3079-AEEA-6BDF687D2110} = {DF2F18DD-D9E4-3079-AEEA-6BDF687D2110}
	EndProjectSection
EndProject
Project("{8BC9CEB8-8B4A-11D0-8D11-00A0C91BC942}") = "sharing", "external\glfw-3.1.2\tests\sharing.vcxproj", "{85D194C8-8579-3ECD-9BB2-59AA2252F5D5}"
	ProjectSection(ProjectDependencies) = postProject
		{C07AC95F-BE0E-30CF-896A-0C5E1A3585B2} = {C07AC95F-BE0E-30CF-896A-0C5E1A3585B2}
		{DF2F18DD-D9E4-3079-AEEA-6BDF687D2110} = {DF2F18DD-D9E4-3079-AEEA-6BDF687D2110}
	EndProjectSection
EndProject
Project("{8BC9CEB8-8B4A-11D0-8D11-00A0C91BC942}") = "simple", "external\glfw-3.1.2\examples\simple.vcxproj", "{869BFF7A-BB80-3C98-8540-A8A585D0E541}"
	ProjectSection(ProjectDependencies) = postProject
		{C07AC95F-BE0E-30CF-896A-0C5E1A3585B2} = {C07AC95F-BE0E-30CF-896A-0C5E1A3585B2}
		{DF2F18DD-D9E4-3079-AEEA-6BDF687D2110} = {DF2F18DD-D9E4-3079-AEEA-6BDF687D2110}
	EndProjectSection
EndProject
Project("{8BC9CEB8-8B4A-11D0-8D11-00A0C91BC942}") = "splitview", "external\glfw-3.1.2\examples\splitview.vcxproj", "{0E74652B-E60D-3B0F-A8FF-E5E4E788A119}"
	ProjectSection(ProjectDependencies) = postProject
		{C07AC95F-BE0E-30CF-896A-0C5E1A3585B2} = {C07AC95F-BE0E-30CF-896A-0C5E1A3585B2}
		{DF2F18DD-D9E4-3079-AEEA-6BDF687D2110} = {DF2F18DD-D9E4-3079-AEEA-6BDF687D2110}
	EndProjectSection
EndProject
Project("{8BC9CEB8-8B4A-11D0-8D11-00A0C91BC942}") = "tearing", "external\glfw-3.1.2\tests\tearing.vcxproj", "{C2751F7F-D770-389F-8C17-5E39D7ED47D1}"
	ProjectSection(ProjectDependencies) = postProject
		{C07AC95F-BE0E-30CF-896A-0C5E1A3585B2} = {C07AC95F-BE0E-30CF-896A-0C5E1A3585B2}
		{DF2F18DD-D9E4-3079-AEEA-6BDF687D2110} = {DF2F18DD-D9E4-3079-AEEA-6BDF687D2110}
	EndProjectSection
EndProject
Project("{8BC9CEB8-8B4A-11D0-8D11-00A0C91BC942}") = "threads", "external\glfw-3.1.2\tests\threads.vcxproj", "{207FD603-F0FD-3C82-9E58-1A6456450258}"
	ProjectSection(ProjectDependencies) = postProject
		{C07AC95F-BE0E-30CF-896A-0C5E1A3585B2} = {C07AC95F-BE0E-30CF-896A-0C5E1A3585B2}
		{DF2F18DD-D9E4-3079-AEEA-6BDF687D2110} = {DF2F18DD-D9E4-3079-AEEA-6BDF687D2110}
	EndProjectSection
EndProject
Project("{8BC9CEB8-8B4A-11D0-8D11-00A0C91BC942}") = "title", "external\glfw-3.1.2\tests\title.vcxproj", "{64126B00-D881-3F67-8585-D2D4AB0D5D98}"
	ProjectSection(ProjectDependencies) = postProject
		{C07AC95F-BE0E-30CF-896A-0C5E1A3585B2} = {C07AC95F-BE0E-30CF-896A-0C5E1A3585B2}
		{DF2F18DD-D9E4-3079-AEEA-6BDF687D2110} = {DF2F18DD-D9E4-3079-AEEA-6BDF687D2110}
	EndProjectSection
EndProject
Project("{8BC9CEB8-8B4A-11D0-8D11-00A0C91BC942}") = "tutorial01_first_window", "tutorial01_first_window.vcxproj", "{326A6CA7-E02E-3D69-8692-F7BF5170BF48}"
	ProjectSection(ProjectDependencies) = postProject
		{8F632A9C-26BF-3ED1-9BA6-BF6FAE43E72D} = {8F632A9C-26BF-3ED1-9BA6-BF6FAE43E72D}
		{C07AC95F-BE0E-30CF-896A-0C5E1A3585B2} = {C07AC95F-BE0E-30CF-896A-0C5E1A3585B2}
		{DF2F18DD-D9E4-3079-AEEA-6BDF687D2110} = {DF2F18DD-D9E4-3079-AEEA-6BDF687D2110}
	EndProjectSection
EndProject
Project("{8BC9CEB8-8B4A-11D0-8D11-00A0C91BC942}") = "tutorial02_red_triangle", "tutorial02_red_triangle.vcxproj", "{F1AEE18C-D456-3284-990A-DDE2FE490B3E}"
	ProjectSection(ProjectDependencies) = postProject
		{8F632A9C-26BF-3ED1-9BA6-BF6FAE43E72D} = {8F632A9C-26BF-3ED1-9BA6-BF6FAE43E72D}
		{C07AC95F-BE0E-30CF-896A-0C5E1A3585B2} = {C07AC95F-BE0E-30CF-896A-0C5E1A3585B2}
		{DF2F18DD-D9E4-3079-AEEA-6BDF687D2110} = {DF2F18DD-D9E4-3079-AEEA-6BDF687D2110}
	EndProjectSection
EndProject
Project("{8BC9CEB8-8B4A-11D0-8D11-00A0C91BC942}") = "tutorial03_matrices", "tutorial03_matrices.vcxproj", "{65543D5A-4F36-3383-BBE5-FA803658379B}"
	ProjectSection(ProjectDependencies) = postProject
		{8F632A9C-26BF-3ED1-9BA6-BF6FAE43E72D} = {8F632A9C-26BF-3ED1-9BA6-BF6FAE43E72D}
		{C07AC95F-BE0E-30CF-896A-0C5E1A3585B2} = {C07AC95F-BE0E-30CF-896A-0C5E1A3585B2}
		{DF2F18DD-D9E4-3079-AEEA-6BDF687D2110} = {DF2F18DD-D9E4-3079-AEEA-6BDF687D2110}
	EndProjectSection
EndProject
Project("{8BC9CEB8-8B4A-11D0-8D11-00A0C91BC942}") = "tutorial04_colored_cube", "tutorial04_colored_cube.vcxproj", "{9D721FE8-DE72-3D39-94B3-4DB9F4A659F9}"
	ProjectSection(ProjectDependencies) = postProject
		{8F632A9C-26BF-3ED1-9BA6-BF6FAE43E72D} = {8F632A9C-26BF-3ED1-9BA6-BF6FAE43E72D}
		{C07AC95F-BE0E-30CF-896A-0C5E1A3585B2} = {C07AC95F-BE0E-30CF-896A-0C5E1A3585B2}
		{DF2F18DD-D9E4-3079-AEEA-6BDF687D2110} = {DF2F18DD-D9E4-3079-AEEA-6BDF687D2110}
	EndProjectSection
EndProject
Project("{8BC9CEB8-8B4A-11D0-8D11-00A0C91BC942}") = "tutorial05_textured_cube", "tutorial05_textured_cube.vcxproj", "{AA738EB4-27E2-3451-9831-2D7B03CB5A86}"
	ProjectSection(ProjectDependencies) = postProject
		{8F632A9C-26BF-3ED1-9BA6-BF6FAE43E72D} = {8F632A9C-26BF-3ED1-9BA6-BF6FAE43E72D}
		{C07AC95F-BE0E-30CF-896A-0C5E1A3585B2} = {C07AC95F-BE0E-30CF-896A-0C5E1A3585B2}
		{DF2F18DD-D9E4-3079-AEEA-6BDF687D2110} = {DF2F18DD-D9E4-3079-AEEA-6BDF687D2110}
	EndProjectSection
EndProject
Project("{8BC9CEB8-8B4A-11D0-8D11-00A0C91BC942}") = "tutorial06_keyboard_and_mouse", "tutorial06_keyboard_and_mouse.vcxproj", "{8DFA3511-0D0A-3043-AFE4-26D0F2C3AE06}"
	ProjectSection(ProjectDependencies) = postProject
		{8F632A9C-26BF-3ED1-9BA6-BF6FAE43E72D} = {8F632A9C-26BF-3ED1-9BA6-BF6FAE43E72D}
		{C07AC95F-BE0E-30CF-896A-0C5E1A3585B2} = {C07AC95F-BE0E-30CF-896A-0C5E1A3585B2}
		{DF2F18DD-D9E4-3079-AEEA-6BDF687D2110} = {DF2F18DD-D9E4-3079-AEEA-6BDF687D2110}
	EndProjectSection
EndProject
Project("{8BC9CEB8-8B4A-11D0-8D11-00A0C91BC942}") = "tutorial07_model_loading", "tutorial07_model_loading.vcxproj", "{FC832BDE-768C-3E39-AE9F-6E42818518A3}"
	ProjectSection(ProjectDependencies) = postProject
		{8F632A9C-26BF-3ED1-9BA6-BF6FAE43E72D} = {8F632A9C-26BF-3ED1-9BA6-BF6FAE43E72D}
		{C07AC95F-BE0E-30CF-896A-0C5E1A3585B2} = {C07AC95F-BE0E-30CF-896A-0C5E1A3585B2}
		{DF2F18DD-D9E4-3079-AEEA-6BDF687D2110} = {DF2F18DD-D9E4-3079-AEEA-6BDF687D2110}
	EndProjectSection
EndProject
Project("{8BC9CEB8-8B4A-11D0-8D11-00A0C91BC942}") = "tutorial08_basic_shading", "tutorial08_basic_shading.vcxproj", "{BFFAACB7-9C23-3058-A803-36BD50F4EC68}"
	ProjectSection(ProjectDependencies) = postProject
		{8F632A9C-26BF-3ED1-9BA6-BF6FAE43E72D} = {8F632A9C-26BF-3ED1-9BA6-BF6FAE43E72D}
		{C07AC95F-BE0E-30CF-896A-0C5E1A3585B2} = {C07AC95F-BE0E-30CF-896A-0C5E1A3585B2}
		{DF2F18DD-D9E4-3079-AEEA-6BDF687D2110} = {DF2F18DD-D9E4-3079-AEEA-6BDF687D2110}
	EndProjectSection
EndProject
Project("{8BC9CEB8-8B4A-11D0-8D11-00A0C91BC942}") = "tutorial09_AssImp", "tutorial09_AssImp.vcxproj", "{6BD741AA-D966-3574-9A87-179E9276CBF9}"
	ProjectSection(ProjectDependencies) = postProject
		{8F632A9C-26BF-3ED1-9BA6-BF6FAE43E72D} = {8F632A9C-26BF-3ED1-9BA6-BF6FAE43E72D}
		{C07AC95F-BE0E-30CF-896A-0C5E1A3585B2} = {C07AC95F-BE0E-30CF-896A-0C5E1A3585B2}
		{CCC47D68-02D1-333B-AE3B-46829A36EB84} = {CCC47D68-02D1-333B-AE3B-46829A36EB84}
		{DF2F18DD-D9E4-3079-AEEA-6BDF687D2110} = {DF2F18DD-D9E4-3079-AEEA-6BDF687D2110}
		{308DF93C-4361-3C5D-8271-BA353238772B} = {308DF93C-4361-3C5D-8271-BA353238772B}
	EndProjectSection
EndProject
Project("{8BC9CEB8-8B4A-11D0-8D11-00A0C91BC942}") = "tutorial09_several_objects", "tutorial09_several_objects.vcxproj", "{AD2D805F-A95C-35B0-80C2-1118C54104C3}"
	ProjectSection(ProjectDependencies) = postProject
		{8F632A9C-26BF-3ED1-9BA6-BF6FAE43E72D} = {8F632A9C-26BF-3ED1-9BA6-BF6FAE43E72D}
		{C07AC95F-BE0E-30CF-896A-0C5E1A3585B2} = {C07AC95F-BE0E-30CF-896A-0C5E1A3585B2}
		{DF2F18DD-D9E4-3079-AEEA-6BDF687D2110} = {DF2F18DD-D9E4-3079-AEEA-6BDF687D2110}
	EndProjectSection
EndProject
Project("{8BC9CEB8-8B4A-11D0-8D11-00A0C91BC942}") = "tutorial09_vbo_indexing", "tutorial09_vbo_indexing.vcxproj", "{ED25C145-27FC-3A0F-BA21-EBD642BACD05}"
	ProjectSection(ProjectDependencies) = postProject
		{8F632A9C-26BF-3ED1-9BA6-BF6FAE43E72D} = {8F632A9C-26BF-3ED1-9BA6-BF6FAE43E72D}
		{C07AC95F-BE0E-30CF-896A-0C5E1A3585B2} = {C07AC95F-BE0E-30CF-896A-0C5E1A3585B2}
		{DF2F18DD-D9E4-3079-AEEA-6BDF687D2110} = {DF2F18DD-D9E4-3079-AEEA-6BDF687D2110}
	EndProjectSection
EndProject
Project("{8BC9CEB8-8B4A-11D0-8D11-00A0C91BC942}") = "tutorial10_transparency", "tutorial10_transparency.vcxproj", "{B0595D57-2AF2-30BA-B660-F88AB6B24E6E}"
	ProjectSection(ProjectDependencies) = postProject
		{8F632A9C-26BF-3ED1-9BA6-BF6FAE43E72D} = {8F632A9C-26BF-3ED1-9BA6-BF6FAE43E72D}
		{C07AC95F-BE0E-30CF-896A-0C5E1A3585B2} = {C07AC95F-BE0E-30CF-896A-0C5E1A3585B2}
		{DF2F18DD-D9E4-3079-AEEA-6BDF687D2110} = {DF2F18DD-D9E4-3079-AEEA-6BDF687D2110}
	EndProjectSection
EndProject
Project("{8BC9CEB8-8B4A-11D0-8D11-00A0C91BC942}") = "tutorial11_2d_fonts", "tutorial11_2d_fonts.vcxproj", "{A0ECBF4B-69D3-3C1F-8AF0-4E16CC5D2ECD}"
	ProjectSection(ProjectDependencies) = postProject
		{8F632A9C-26BF-3ED1-9BA6-BF6FAE43E72D} = {8F632A9C-26BF-3ED1-9BA6-BF6FAE43E72D}
		{C07AC95F-BE0E-30CF-896A-0C5E1A3585B2} = {C07AC95F-BE0E-30CF-896A-0C5E1A3585B2}
		{DF2F18DD-D9E4-3079-AEEA-6BDF687D2110} = {DF2F18DD-D9E4-3079-AEEA-6BDF687D2110}
	EndProjectSection
EndProject
Project("{8BC9CEB8-8B4A-11D0-8D11-00A0C91BC942}") = "tutorial12_extensions", "tutorial12_extensions.vcxproj", "{F93D03E4-50A3-3E5F-AD7C-1C64C668447B}"
	ProjectSection(ProjectDependencies) = postProject
		{8F632A9C-26BF-3ED1-9BA6-BF6FAE43E72D} = {8F632A9C-26BF-3ED1-9BA6-BF6FAE43E72D}
		{C07AC95F-BE0E-30CF-896A-0C5E1A3585B2} = {C07AC95F-BE0E-30CF-896A-0C5E1A3585B2}
		{DF2F18DD-D9E4-3079-AEEA-6BDF687D2110} = {DF2F18DD-D9E4-3079-AEEA-6BDF687D2110}
	EndProjectSection
EndProject
Project("{8BC9CEB8-8B4A-11D0-8D11-00A0C91BC942}") = "tutorial13_normal_mapping", "tutorial13_normal_mapping.vcxproj", "{4DE9BD19-0578-3703-8867-094E682EBAF4}"
	ProjectSection(ProjectDependencies) = postProject
		{8F632A9C-26BF-3ED1-9BA6-BF6FAE43E72D} = {8F632A9C-26BF-3ED1-9BA6-BF6FAE43E72D}
		{C07AC95F-BE0E-30CF-896A-0C5E1A3585B2} = {C07AC95F-BE0E-30CF-896A-0C5E1A3585B2}
		{DF2F18DD-D9E4-3079-AEEA-6BDF687D2110} = {DF2F18DD-D9E4-3079-AEEA-6BDF687D2110}
	EndProjectSection
EndProject
Project("{8BC9CEB8-8B4A-11D0-8D11-00A0C91BC942}") = "tutorial14_render_to_texture", "tutorial14_render_to_texture.vcxproj", "{1BD2E457-87C9-36D7-AD4D-03BEEDD61405}"
	ProjectSection(ProjectDependencies) = postProject
		{8F632A9C-26BF-3ED1-9BA6-BF6FAE43E72D} = {8F632A9C-26BF-3ED1-9BA6-BF6FAE43E72D}
		{C07AC95F-BE0E-30CF-896A-0C5E1A3585B2} = {C07AC95F-BE0E-30CF-896A-0C5E1A3585B2}
		{DF2F18DD-D9E4-3079-AEEA-6BDF687D2110} = {DF2F18DD-D9E4-3079-AEEA-6BDF687D2110}
	EndProjectSection
EndProject
Project("{8BC9CEB8-8B4A-11D0-8D11-00A0C91BC942}") = "tutorial15_lightmaps", "tutorial15_lightmaps.vcxproj", "{1B752258-1F5B-3A05-8D94-AFD47F2C1773}"
	ProjectSection(ProjectDependencies) = postProject
		{8F632A9C-26BF-3ED1-9BA6-BF6FAE43E72D} = {8F632A9C-26BF-3ED1-9BA6-BF6FAE43E72D}
		{C07AC95F-BE0E-30CF-896A-0C5E1A3585B2} = {C07AC95F-BE0E-30CF-896A-0C5E1A3585B2}
		{DF2F18DD-D9E4-3079-AEEA-6BDF687D2110} = {DF2F18DD-D9E4-3079-AEEA-6BDF687D2110}
	EndProjectSection
EndProject
Project("{8BC9CEB8-8B4A-11D0-8D11-00A0C91BC942}") = "tutorial16_shadowmaps", "tutorial16_shadowmaps.vcxproj", "{2BAF51CF-FA58-3FA4-989F-B665F5B8E859}"
	ProjectSection(ProjectDependencies) = postProject
		{8F632A9C-26BF-3ED1-9BA6-BF6FAE43E72D} = {8F632A9C-26BF-3ED1-9BA6-BF6FAE43E72D}
		{C07AC95F-BE0E-30CF-896A-0C5E1A3585B2} = {C07AC95F-BE0E-30CF-896A-0C5E1A3585B2}
		{DF2F18DD-D9E4-3079-AEEA-6BDF687D2110} = {DF2F18DD-D9E4-3079-AEEA-6BDF687D2110}
	EndProjectSection
EndProject
Project("{8BC9CEB8-8B4A-11D0-8D11-00A0C91BC942}") = "tutorial16_shadowmaps_simple", "tutorial16_shadowmaps_simple.vcxproj", "{528E91A9-7691-3C00-A894-0BCF1065C4D4}"
	ProjectSection(ProjectDependencies) = postProject
		{8F632A9C-26BF-3ED1-9BA6-BF6FAE43E72D} = {8F632A9C-26BF-3ED1-9BA6-BF6FAE43E72D}
		{C07AC95F-BE0E-30CF-896A-0C5E1A3585B2} = {C07AC95F-BE0E-30CF-896A-0C5E1A3585B2}
		{DF2F18DD-D9E4-3079-AEEA-6BDF687D2110} = {DF2F18DD-D9E4-3079-AEEA-6BDF687D2110}
	EndProjectSection
EndProject
Project("{8BC9CEB8-8B4A-11D0-8D11-00A0C91BC942}") = "tutorial17_rotations", "tutorial17_rotations.vcxproj", "{53D94DDD-66B4-3F6E-A044-C7F87FC03D0A}"
	ProjectSection(ProjectDependencies) = postProject
		{98F85471-D096-338D-9150-29755FA0D02B} = {98F85471-D096-338D-9150-29755FA0D02B}
		{8F632A9C-26BF-3ED1-9BA6-BF6FAE43E72D} = {8F632A9C-26BF-3ED1-9BA6-BF6FAE43E72D}
		{C07AC95F-BE0E-30CF-896A-0C5E1A3585B2} = {C07AC95F-BE0E-30CF-896A-0C5E1A3585B2}
		{DF2F18DD-D9E4-3079-AEEA-6BDF687D2110} = {DF2F18DD-D9E4-3079-AEEA-6BDF687D2110}
	EndProjectSection
EndProject
Project("{8BC9CEB8-8B4A-11D0-8D11-00A0C91BC942}") = "tutorial18_billboards", "tutorial18_billboards.vcxproj", "{30E58300-8DE1-3D8D-A4A7-B7397C3A629D}"
	ProjectSection(ProjectDependencies) = postProject
		{8F632A9C-26BF-3ED1-9BA6-BF6FAE43E72D} = {8F632A9C-26BF-3ED1-9BA6-BF6FAE43E72D}
		{C07AC95F-BE0E-30CF-896A-0C5E1A3585B2} = {C07AC95F-BE0E-30CF-896A-0C5E1A3585B2}
		{DF2F18DD-D9E4-3079-AEEA-6BDF687D2110} = {DF2F18DD-D9E4-3079-AEEA-6BDF687D2110}
	EndProjectSection
EndProject
Project("{8BC9CEB8-8B4A-11D0-8D11-00A0C91BC942}") = "tutorial18_particles", "tutorial18_particles.vcxproj", "{68952075-99B8-37CF-8160-32E9C478D67D}"
	ProjectSection(ProjectDependencies) = postProject
		{8F632A9C-26BF-3ED1-9BA6-BF6FAE43E72D} = {8F632A9C-26BF-3ED1-9BA6-BF6FAE43E72D}
		{C07AC95F-BE0E-30CF-896A-0C5E1A3585B2} = {C07AC95F-BE0E-30CF-896A-0C5E1A3585B2}
		{DF2F18DD-D9E4-3079-AEEA-6BDF687D2110} = {DF2F18DD-D9E4-3079-AEEA-6BDF687D2110}
	EndProjectSection
EndProject
Project("{8BC9CEB8-8B4A-11D0-8D11-00A0C91BC942}") = "uninstall", "external\glfw-3.1.2\uninstall.vcxproj", "{2C4DC5B2-99DF-3A9B-865F-DC08B399AEA0}"
	ProjectSection(ProjectDependencies) = postProject
		{C07AC95F-BE0E-30CF-896A-0C5E1A3585B2} = {C07AC95F-BE0E-30CF-896A-0C5E1A3585B2}
	EndProjectSection
EndProject
Project("{8BC9CEB8-8B4A-11D0-8D11-00A0C91BC942}") = "wave", "external\glfw-3.1.2\examples\wave.vcxproj", "{DF4E6742-1212-3021-836B-3EF77C8A30CB}"
	ProjectSection(ProjectDependencies) = postProject
		{C07AC95F-BE0E-30CF-896A-0C5E1A3585B2} = {C07AC95F-BE0E-30CF-896A-0C5E1A3585B2}
		{DF2F18DD-D9E4-3079-AEEA-6BDF687D2110} = {DF2F18DD-D9E4-3079-AEEA-6BDF687D2110}
	EndProjectSection
EndProject
Project("{8BC9CEB8-8B4A-11D0-8D11-00A0C91BC942}") = "windows", "external\glfw-3.1.2\tests\windows.vcxproj", "{75CCFAA3-5E23-3770-93F4-FF2B5647B9E4}"
	ProjectSection(ProjectDependencies) = postProject
		{C07AC95F-BE0E-30CF-896A-0C5E1A3585B2} = {C07AC95F-BE0E-30CF-896A-0C5E1A3585B2}
		{DF2F18DD-D9E4-3079-AEEA-6BDF687D2110} = {DF2F18DD-D9E4-3079-AEEA-6BDF687D2110}
	EndProjectSection
EndProject
Project("{8BC9CEB8-8B4A-11D0-8D11-00A0C91BC942}") = "zlib", "external\assimp-3.0.1270\contrib\zlib\zlib.vcxproj", "{308DF93C-4361-3C5D-8271-BA353238772B}"
	ProjectSection(ProjectDependencies) = postProject
		{C07AC95F-BE0E-30CF-896A-0C5E1A3585B2} = {C07AC95F-BE0E-30CF-896A-0C5E1A3585B2}
	EndProjectSection
EndProject
Global
	GlobalSection(SolutionConfigurationPlatforms) = preSolution
		Debug|x64 = Debug|x64
		Release|x64 = Release|x64
		MinSizeRel|x64 = MinSizeRel|x64
		RelWithDebInfo|x64 = RelWithDebInfo|x64
	EndGlobalSection
	GlobalSection(ProjectConfigurationPlatforms) = postSolution
		{78A8F415-D46E-302C-8442-4A15290D255D}.Debug|x64.ActiveCfg = Debug|x64
		{78A8F415-D46E-302C-8442-4A15290D255D}.Debug|x64.Build.0 = Debug|x64
		{78A8F415-D46E-302C-8442-4A15290D255D}.Release|x64.ActiveCfg = Release|x64
		{78A8F415-D46E-302C-8442-4A15290D255D}.Release|x64.Build.0 = Release|x64
		{78A8F415-D46E-302C-8442-4A15290D255D}.MinSizeRel|x64.ActiveCfg = MinSizeRel|x64
		{78A8F415-D46E-302C-8442-4A15290D255D}.MinSizeRel|x64.Build.0 = MinSizeRel|x64
		{78A8F415-D46E-302C-8442-4A15290D255D}.RelWithDebInfo|x64.ActiveCfg = RelWithDebInfo|x64
		{78A8F415-D46E-302C-8442-4A15290D255D}.RelWithDebInfo|x64.Build.0 = RelWithDebInfo|x64
		{98F85471-D096-338D-9150-29755FA0D02B}.Debug|x64.ActiveCfg = Debug|x64
		{98F85471-D096-338D-9150-29755FA0D02B}.Debug|x64.Build.0 = Debug|x64
		{98F85471-D096-338D-9150-29755FA0D02B}.Release|x64.ActiveCfg = Release|x64
		{98F85471-D096-338D-9150-29755FA0D02B}.Release|x64.Build.0 = Release|x64
		{98F85471-D096-338D-9150-29755FA0D02B}.MinSizeRel|x64.ActiveCfg = MinSizeRel|x64
		{98F85471-D096-338D-9150-29755FA0D02B}.MinSizeRel|x64.Build.0 = MinSizeRel|x64
		{98F85471-D096-338D-9150-29755FA0D02B}.RelWithDebInfo|x64.ActiveCfg = RelWithDebInfo|x64
		{98F85471-D096-338D-9150-29755FA0D02B}.RelWithDebInfo|x64.Build.0 = RelWithDebInfo|x64
		{D4848431-0F44-3A13-B64C-A96DFDABBE88}.Debug|x64.ActiveCfg = Debug|x64
		{D4848431-0F44-3A13-B64C-A96DFDABBE88}.Debug|x64.Build.0 = Debug|x64
		{D4848431-0F44-3A13-B64C-A96DFDABBE88}.Release|x64.ActiveCfg = Release|x64
		{D4848431-0F44-3A13-B64C-A96DFDABBE88}.Release|x64.Build.0 = Release|x64
		{D4848431-0F44-3A13-B64C-A96DFDABBE88}.MinSizeRel|x64.ActiveCfg = MinSizeRel|x64
		{D4848431-0F44-3A13-B64C-A96DFDABBE88}.MinSizeRel|x64.Build.0 = MinSizeRel|x64
		{D4848431-0F44-3A13-B64C-A96DFDABBE88}.RelWithDebInfo|x64.ActiveCfg = RelWithDebInfo|x64
		{D4848431-0F44-3A13-B64C-A96DFDABBE88}.RelWithDebInfo|x64.Build.0 = RelWithDebInfo|x64
		{E8519D92-50D5-3D17-A305-83D7E7553479}.Debug|x64.ActiveCfg = Debug|x64
		{E8519D92-50D5-3D17-A305-83D7E7553479}.Debug|x64.Build.0 = Debug|x64
		{E8519D92-50D5-3D17-A305-83D7E7553479}.Release|x64.ActiveCfg = Release|x64
		{E8519D92-50D5-3D17-A305-83D7E7553479}.Release|x64.Build.0 = Release|x64
		{E8519D92-50D5-3D17-A305-83D7E7553479}.MinSizeRel|x64.ActiveCfg = MinSizeRel|x64
		{E8519D92-50D5-3D17-A305-83D7E7553479}.MinSizeRel|x64.Build.0 = MinSizeRel|x64
		{E8519D92-50D5-3D17-A305-83D7E7553479}.RelWithDebInfo|x64.ActiveCfg = RelWithDebInfo|x64
		{E8519D92-50D5-3D17-A305-83D7E7553479}.RelWithDebInfo|x64.Build.0 = RelWithDebInfo|x64
		{3EDAFA2F-4758-3EE8-A676-C8E10C7761EE}.Debug|x64.ActiveCfg = Debug|x64
		{3EDAFA2F-4758-3EE8-A676-C8E10C7761EE}.Debug|x64.Build.0 = Debug|x64
		{3EDAFA2F-4758-3EE8-A676-C8E10C7761EE}.Release|x64.ActiveCfg = Release|x64
		{3EDAFA2F-4758-3EE8-A676-C8E10C7761EE}.Release|x64.Build.0 = Release|x64
		{3EDAFA2F-4758-3EE8-A676-C8E10C7761EE}.MinSizeRel|x64.ActiveCfg = MinSizeRel|x64
		{3EDAFA2F-4758-3EE8-A676-C8E10C7761EE}.MinSizeRel|x64.Build.0 = MinSizeRel|x64
		{3EDAFA2F-4758-3EE8-A676-C8E10C7761EE}.RelWithDebInfo|x64.ActiveCfg = RelWithDebInfo|x64
		{3EDAFA2F-4758-3EE8-A676-C8E10C7761EE}.RelWithDebInfo|x64.Build.0 = RelWithDebInfo|x64
		{8F632A9C-26BF-3ED1-9BA6-BF6FAE43E72D}.Debug|x64.ActiveCfg = Debug|x64
		{8F632A9C-26BF-3ED1-9BA6-BF6FAE43E72D}.Debug|x64.Build.0 = Debug|x64
		{8F632A9C-26BF-3ED1-9BA6-BF6FAE43E72D}.Release|x64.ActiveCfg = Release|x64
		{8F632A9C-26BF-3ED1-9BA6-BF6FAE43E72D}.Release|x64.Build.0 = Release|x64
		{8F632A9C-26BF-3ED1-9BA6-BF6FAE43E72D}.MinSizeRel|x64.ActiveCfg = MinSizeRel|x64
		{8F632A9C-26BF-3ED1-9BA6-BF6FAE43E72D}.MinSizeRel|x64.Build.0 = MinSizeRel|x64
		{8F632A9C-26BF-3ED1-9BA6-BF6FAE43E72D}.RelWithDebInfo|x64.ActiveCfg = RelWithDebInfo|x64
		{8F632A9C-26BF-3ED1-9BA6-BF6FAE43E72D}.RelWithDebInfo|x64.Build.0 = RelWithDebInfo|x64
		{8BC16223-F5D3-32DF-9FB2-24615DC8A3F0}.Debug|x64.ActiveCfg = Debug|x64
		{8BC16223-F5D3-32DF-9FB2-24615DC8A3F0}.Release|x64.ActiveCfg = Release|x64
		{8BC16223-F5D3-32DF-9FB2-24615DC8A3F0}.MinSizeRel|x64.ActiveCfg = MinSizeRel|x64
		{8BC16223-F5D3-32DF-9FB2-24615DC8A3F0}.RelWithDebInfo|x64.ActiveCfg = RelWithDebInfo|x64
		{26BB331B-6E84-321F-9024-1411ACDDFC8B}.Debug|x64.ActiveCfg = Debug|x64
		{26BB331B-6E84-321F-9024-1411ACDDFC8B}.Debug|x64.Build.0 = Debug|x64
		{26BB331B-6E84-321F-9024-1411ACDDFC8B}.Release|x64.ActiveCfg = Release|x64
		{26BB331B-6E84-321F-9024-1411ACDDFC8B}.Release|x64.Build.0 = Release|x64
		{26BB331B-6E84-321F-9024-1411ACDDFC8B}.MinSizeRel|x64.ActiveCfg = MinSizeRel|x64
		{26BB331B-6E84-321F-9024-1411ACDDFC8B}.MinSizeRel|x64.Build.0 = MinSizeRel|x64
		{26BB331B-6E84-321F-9024-1411ACDDFC8B}.RelWithDebInfo|x64.ActiveCfg = RelWithDebInfo|x64
		{26BB331B-6E84-321F-9024-1411ACDDFC8B}.RelWithDebInfo|x64.Build.0 = RelWithDebInfo|x64
		{C07AC95F-BE0E-30CF-896A-0C5E1A3585B2}.Debug|x64.ActiveCfg = Debug|x64
		{C07AC95F-BE0E-30CF-896A-0C5E1A3585B2}.Debug|x64.Build.0 = Debug|x64
		{C07AC95F-BE0E-30CF-896A-0C5E1A3585B2}.Release|x64.ActiveCfg = Release|x64
		{C07AC95F-BE0E-30CF-896A-0C5E1A3585B2}.Release|x64.Build.0 = Release|x64
		{C07AC95F-BE0E-30CF-896A-0C5E1A3585B2}.MinSizeRel|x64.ActiveCfg = MinSizeRel|x64
		{C07AC95F-BE0E-30CF-896A-0C5E1A3585B2}.MinSizeRel|x64.Build.0 = MinSizeRel|x64
		{C07AC95F-BE0E-30CF-896A-0C5E1A3585B2}.RelWithDebInfo|x64.ActiveCfg = RelWithDebInfo|x64
		{C07AC95F-BE0E-30CF-896A-0C5E1A3585B2}.RelWithDebInfo|x64.Build.0 = RelWithDebInfo|x64
		{CCC47D68-02D1-333B-AE3B-46829A36EB84}.Debug|x64.ActiveCfg = Debug|x64
		{CCC47D68-02D1-333B-AE3B-46829A36EB84}.Debug|x64.Build.0 = Debug|x64
		{CCC47D68-02D1-333B-AE3B-46829A36EB84}.Release|x64.ActiveCfg = Release|x64
		{CCC47D68-02D1-333B-AE3B-46829A36EB84}.Release|x64.Build.0 = Release|x64
		{CCC47D68-02D1-333B-AE3B-46829A36EB84}.MinSizeRel|x64.ActiveCfg = MinSizeRel|x64
		{CCC47D68-02D1-333B-AE3B-46829A36EB84}.MinSizeRel|x64.Build.0 = MinSizeRel|x64
		{CCC47D68-02D1-333B-AE3B-46829A36EB84}.RelWithDebInfo|x64.ActiveCfg = RelWithDebInfo|x64
		{CCC47D68-02D1-333B-AE3B-46829A36EB84}.RelWithDebInfo|x64.Build.0 = RelWithDebInfo|x64
		{7D576DEB-A118-3235-98C1-1ACF72E3A973}.Debug|x64.ActiveCfg = Debug|x64
		{7D576DEB-A118-3235-98C1-1ACF72E3A973}.Debug|x64.Build.0 = Debug|x64
		{7D576DEB-A118-3235-98C1-1ACF72E3A973}.Release|x64.ActiveCfg = Release|x64
		{7D576DEB-A118-3235-98C1-1ACF72E3A973}.Release|x64.Build.0 = Release|x64
		{7D576DEB-A118-3235-98C1-1ACF72E3A973}.MinSizeRel|x64.ActiveCfg = MinSizeRel|x64
		{7D576DEB-A118-3235-98C1-1ACF72E3A973}.MinSizeRel|x64.Build.0 = MinSizeRel|x64
		{7D576DEB-A118-3235-98C1-1ACF72E3A973}.RelWithDebInfo|x64.ActiveCfg = RelWithDebInfo|x64
		{7D576DEB-A118-3235-98C1-1ACF72E3A973}.RelWithDebInfo|x64.Build.0 = RelWithDebInfo|x64
		{6C0DBE77-EF30-3029-8953-C899084C02BC}.Debug|x64.ActiveCfg = Debug|x64
		{6C0DBE77-EF30-3029-8953-C899084C02BC}.Debug|x64.Build.0 = Debug|x64
		{6C0DBE77-EF30-3029-8953-C899084C02BC}.Release|x64.ActiveCfg = Release|x64
		{6C0DBE77-EF30-3029-8953-C899084C02BC}.Release|x64.Build.0 = Release|x64
		{6C0DBE77-EF30-3029-8953-C899084C02BC}.MinSizeRel|x64.ActiveCfg = MinSizeRel|x64
		{6C0DBE77-EF30-3029-8953-C899084C02BC}.MinSizeRel|x64.Build.0 = MinSizeRel|x64
		{6C0DBE77-EF30-3029-8953-C899084C02BC}.RelWithDebInfo|x64.ActiveCfg = RelWithDebInfo|x64
		{6C0DBE77-EF30-3029-8953-C899084C02BC}.RelWithDebInfo|x64.Build.0 = RelWithDebInfo|x64
		{07E67F54-FD80-3833-ADD0-8E32470373B7}.Debug|x64.ActiveCfg = Debug|x64
		{07E67F54-FD80-3833-ADD0-8E32470373B7}.Debug|x64.Build.0 = Debug|x64
		{07E67F54-FD80-3833-ADD0-8E32470373B7}.Release|x64.ActiveCfg = Release|x64
		{07E67F54-FD80-3833-ADD0-8E32470373B7}.Release|x64.Build.0 = Release|x64
		{07E67F54-FD80-3833-ADD0-8E32470373B7}.MinSizeRel|x64.ActiveCfg = MinSizeRel|x64
		{07E67F54-FD80-3833-ADD0-8E32470373B7}.MinSizeRel|x64.Build.0 = MinSizeRel|x64
		{07E67F54-FD80-3833-ADD0-8E32470373B7}.RelWithDebInfo|x64.ActiveCfg = RelWithDebInfo|x64
		{07E67F54-FD80-3833-ADD0-8E32470373B7}.RelWithDebInfo|x64.Build.0 = RelWithDebInfo|x64
		{06579BA8-2AC5-397D-BA91-A6E286551C10}.Debug|x64.ActiveCfg = Debug|x64
		{06579BA8-2AC5-397D-BA91-A6E286551C10}.Debug|x64.Build.0 = Debug|x64
		{06579BA8-2AC5-397D-BA91-A6E286551C10}.Release|x64.ActiveCfg = Release|x64
		{06579BA8-2AC5-397D-BA91-A6E286551C10}.Release|x64.Build.0 = Release|x64
		{06579BA8-2AC5-397D-BA91-A6E286551C10}.MinSizeRel|x64.ActiveCfg = MinSizeRel|x64
		{06579BA8-2AC5-397D-BA91-A6E286551C10}.MinSizeRel|x64.Build.0 = MinSizeRel|x64
		{06579BA8-2AC5-397D-BA91-A6E286551C10}.RelWithDebInfo|x64.ActiveCfg = RelWithDebInfo|x64
		{06579BA8-2AC5-397D-BA91-A6E286551C10}.RelWithDebInfo|x64.Build.0 = RelWithDebInfo|x64
		{8CB32C47-07F7-30D1-9DCC-6E44C3E4C49C}.Debug|x64.ActiveCfg = Debug|x64
		{8CB32C47-07F7-30D1-9DCC-6E44C3E4C49C}.Debug|x64.Build.0 = Debug|x64
		{8CB32C47-07F7-30D1-9DCC-6E44C3E4C49C}.Release|x64.ActiveCfg = Release|x64
		{8CB32C47-07F7-30D1-9DCC-6E44C3E4C49C}.Release|x64.Build.0 = Release|x64
		{8CB32C47-07F7-30D1-9DCC-6E44C3E4C49C}.MinSizeRel|x64.ActiveCfg = MinSizeRel|x64
		{8CB32C47-07F7-30D1-9DCC-6E44C3E4C49C}.MinSizeRel|x64.Build.0 = MinSizeRel|x64
		{8CB32C47-07F7-30D1-9DCC-6E44C3E4C49C}.RelWithDebInfo|x64.ActiveCfg = RelWithDebInfo|x64
		{8CB32C47-07F7-30D1-9DCC-6E44C3E4C49C}.RelWithDebInfo|x64.Build.0 = RelWithDebInfo|x64
		{49668AD0-57B3-387F-893B-E7A2A396FA26}.Debug|x64.ActiveCfg = Debug|x64
		{49668AD0-57B3-387F-893B-E7A2A396FA26}.Debug|x64.Build.0 = Debug|x64
		{49668AD0-57B3-387F-893B-E7A2A396FA26}.Release|x64.ActiveCfg = Release|x64
		{49668AD0-57B3-387F-893B-E7A2A396FA26}.Release|x64.Build.0 = Release|x64
		{49668AD0-57B3-387F-893B-E7A2A396FA26}.MinSizeRel|x64.ActiveCfg = MinSizeRel|x64
		{49668AD0-57B3-387F-893B-E7A2A396FA26}.MinSizeRel|x64.Build.0 = MinSizeRel|x64
		{49668AD0-57B3-387F-893B-E7A2A396FA26}.RelWithDebInfo|x64.ActiveCfg = RelWithDebInfo|x64
		{49668AD0-57B3-387F-893B-E7A2A396FA26}.RelWithDebInfo|x64.Build.0 = RelWithDebInfo|x64
		{C938354F-38FC-3C2C-BE76-993ADEFFE6EA}.Debug|x64.ActiveCfg = Debug|x64
		{C938354F-38FC-3C2C-BE76-993ADEFFE6EA}.Debug|x64.Build.0 = Debug|x64
		{C938354F-38FC-3C2C-BE76-993ADEFFE6EA}.Release|x64.ActiveCfg = Release|x64
		{C938354F-38FC-3C2C-BE76-993ADEFFE6EA}.Release|x64.Build.0 = Release|x64
		{C938354F-38FC-3C2C-BE76-993ADEFFE6EA}.MinSizeRel|x64.ActiveCfg = MinSizeRel|x64
		{C938354F-38FC-3C2C-BE76-993ADEFFE6EA}.MinSizeRel|x64.Build.0 = MinSizeRel|x64
		{C938354F-38FC-3C2C-BE76-993ADEFFE6EA}.RelWithDebInfo|x64.ActiveCfg = RelWithDebInfo|x64
		{C938354F-38FC-3C2C-BE76-993ADEFFE6EA}.RelWithDebInfo|x64.Build.0 = RelWithDebInfo|x64
		{DF2F18DD-D9E4-3079-AEEA-6BDF687D2110}.Debug|x64.ActiveCfg = Debug|x64
		{DF2F18DD-D9E4-3079-AEEA-6BDF687D2110}.Debug|x64.Build.0 = Debug|x64
		{DF2F18DD-D9E4-3079-AEEA-6BDF687D2110}.Release|x64.ActiveCfg = Release|x64
		{DF2F18DD-D9E4-3079-AEEA-6BDF687D2110}.Release|x64.Build.0 = Release|x64
		{DF2F18DD-D9E4-3079-AEEA-6BDF687D2110}.MinSizeRel|x64.ActiveCfg = MinSizeRel|x64
		{DF2F18DD-D9E4-3079-AEEA-6BDF687D2110}.MinSizeRel|x64.Build.0 = MinSizeRel|x64
		{DF2F18DD-D9E4-3079-AEEA-6BDF687D2110}.RelWithDebInfo|x64.ActiveCfg = RelWithDebInfo|x64
		{DF2F18DD-D9E4-3079-AEEA-6BDF687D2110}.RelWithDebInfo|x64.Build.0 = RelWithDebInfo|x64
		{69B01B1D-64BF-32BD-828C-8935F8C0E61C}.Debug|x64.ActiveCfg = Debug|x64
		{69B01B1D-64BF-32BD-828C-8935F8C0E61C}.Debug|x64.Build.0 = Debug|x64
		{69B01B1D-64BF-32BD-828C-8935F8C0E61C}.Release|x64.ActiveCfg = Release|x64
		{69B01B1D-64BF-32BD-828C-8935F8C0E61C}.Release|x64.Build.0 = Release|x64
		{69B01B1D-64BF-32BD-828C-8935F8C0E61C}.MinSizeRel|x64.ActiveCfg = MinSizeRel|x64
		{69B01B1D-64BF-32BD-828C-8935F8C0E61C}.MinSizeRel|x64.Build.0 = MinSizeRel|x64
		{69B01B1D-64BF-32BD-828C-8935F8C0E61C}.RelWithDebInfo|x64.ActiveCfg = RelWithDebInfo|x64
		{69B01B1D-64BF-32BD-828C-8935F8C0E61C}.RelWithDebInfo|x64.Build.0 = RelWithDebInfo|x64
		{F07CDDF1-1684-3EA4-9443-710DB7FE7B5A}.Debug|x64.ActiveCfg = Debug|x64
		{F07CDDF1-1684-3EA4-9443-710DB7FE7B5A}.Debug|x64.Build.0 = Debug|x64
		{F07CDDF1-1684-3EA4-9443-710DB7FE7B5A}.Release|x64.ActiveCfg = Release|x64
		{F07CDDF1-1684-3EA4-9443-710DB7FE7B5A}.Release|x64.Build.0 = Release|x64
		{F07CDDF1-1684-3EA4-9443-710DB7FE7B5A}.MinSizeRel|x64.ActiveCfg = MinSizeRel|x64
		{F07CDDF1-1684-3EA4-9443-710DB7FE7B5A}.MinSizeRel|x64.Build.0 = MinSizeRel|x64
		{F07CDDF1-1684-3EA4-9443-710DB7FE7B5A}.RelWithDebInfo|x64.ActiveCfg = RelWithDebInfo|x64
		{F07CDDF1-1684-3EA4-9443-710DB7FE7B5A}.RelWithDebInfo|x64.Build.0 = RelWithDebInfo|x64
		{E4D5E6C0-F6FB-322F-A497-32FDFC131CE4}.Debug|x64.ActiveCfg = Debug|x64
		{E4D5E6C0-F6FB-322F-A497-32FDFC131CE4}.Debug|x64.Build.0 = Debug|x64
		{E4D5E6C0-F6FB-322F-A497-32FDFC131CE4}.Release|x64.ActiveCfg = Release|x64
		{E4D5E6C0-F6FB-322F-A497-32FDFC131CE4}.Release|x64.Build.0 = Release|x64
		{E4D5E6C0-F6FB-322F-A497-32FDFC131CE4}.MinSizeRel|x64.ActiveCfg = MinSizeRel|x64
		{E4D5E6C0-F6FB-322F-A497-32FDFC131CE4}.MinSizeRel|x64.Build.0 = MinSizeRel|x64
		{E4D5E6C0-F6FB-322F-A497-32FDFC131CE4}.RelWithDebInfo|x64.ActiveCfg = RelWithDebInfo|x64
		{E4D5E6C0-F6FB-322F-A497-32FDFC131CE4}.RelWithDebInfo|x64.Build.0 = RelWithDebInfo|x64
		{DC92BE73-5E49-3EED-A566-5B8E0FAFCC1A}.Debug|x64.ActiveCfg = Debug|x64
		{DC92BE73-5E49-3EED-A566-5B8E0FAFCC1A}.Debug|x64.Build.0 = Debug|x64
		{DC92BE73-5E49-3EED-A566-5B8E0FAFCC1A}.Release|x64.ActiveCfg = Release|x64
		{DC92BE73-5E49-3EED-A566-5B8E0FAFCC1A}.Release|x64.Build.0 = Release|x64
		{DC92BE73-5E49-3EED-A566-5B8E0FAFCC1A}.MinSizeRel|x64.ActiveCfg = MinSizeRel|x64
		{DC92BE73-5E49-3EED-A566-5B8E0FAFCC1A}.MinSizeRel|x64.Build.0 = MinSizeRel|x64
		{DC92BE73-5E49-3EED-A566-5B8E0FAFCC1A}.RelWithDebInfo|x64.ActiveCfg = RelWithDebInfo|x64
		{DC92BE73-5E49-3EED-A566-5B8E0FAFCC1A}.RelWithDebInfo|x64.Build.0 = RelWithDebInfo|x64
		{638C5E1D-3968-3E6C-8399-ED07A38C8FD3}.Debug|x64.ActiveCfg = Debug|x64
		{638C5E1D-3968-3E6C-8399-ED07A38C8FD3}.Debug|x64.Build.0 = Debug|x64
		{638C5E1D-3968-3E6C-8399-ED07A38C8FD3}.Release|x64.ActiveCfg = Release|x64
		{638C5E1D-3968-3E6C-8399-ED07A38C8FD3}.Release|x64.Build.0 = Release|x64
		{638C5E1D-3968-3E6C-8399-ED07A38C8FD3}.MinSizeRel|x64.ActiveCfg = MinSizeRel|x64
		{638C5E1D-3968-3E6C-8399-ED07A38C8FD3}.MinSizeRel|x64.Build.0 = MinSizeRel|x64
		{638C5E1D-3968-3E6C-8399-ED07A38C8FD3}.RelWithDebInfo|x64.ActiveCfg = RelWithDebInfo|x64
		{638C5E1D-3968-3E6C-8399-ED07A38C8FD3}.RelWithDebInfo|x64.Build.0 = RelWithDebInfo|x64
		{1E035C6B-D021-3F1F-B04D-69F75739ABE2}.Debug|x64.ActiveCfg = Debug|x64
		{1E035C6B-D021-3F1F-B04D-69F75739ABE2}.Debug|x64.Build.0 = Debug|x64
		{1E035C6B-D021-3F1F-B04D-69F75739ABE2}.Release|x64.ActiveCfg = Release|x64
		{1E035C6B-D021-3F1F-B04D-69F75739ABE2}.Release|x64.Build.0 = Release|x64
		{1E035C6B-D021-3F1F-B04D-69F75739ABE2}.MinSizeRel|x64.ActiveCfg = MinSizeRel|x64
		{1E035C6B-D021-3F1F-B04D-69F75739ABE2}.MinSizeRel|x64.Build.0 = MinSizeRel|x64
		{1E035C6B-D021-3F1F-B04D-69F75739ABE2}.RelWithDebInfo|x64.ActiveCfg = RelWithDebInfo|x64
		{1E035C6B-D021-3F1F-B04D-69F75739ABE2}.RelWithDebInfo|x64.Build.0 = RelWithDebInfo|x64
		{EC1135CD-F9B3-35F4-B776-DDFE5C1F18F4}.Debug|x64.ActiveCfg = Debug|x64
		{EC1135CD-F9B3-35F4-B776-DDFE5C1F18F4}.Debug|x64.Build.0 = Debug|x64
		{EC1135CD-F9B3-35F4-B776-DDFE5C1F18F4}.Release|x64.ActiveCfg = Release|x64
		{EC1135CD-F9B3-35F4-B776-DDFE5C1F18F4}.Release|x64.Build.0 = Release|x64
		{EC1135CD-F9B3-35F4-B776-DDFE5C1F18F4}.MinSizeRel|x64.ActiveCfg = MinSizeRel|x64
		{EC1135CD-F9B3-35F4-B776-DDFE5C1F18F4}.MinSizeRel|x64.Build.0 = MinSizeRel|x64
		{EC1135CD-F9B3-35F4-B776-DDFE5C1F18F4}.RelWithDebInfo|x64.ActiveCfg = RelWithDebInfo|x64
		{EC1135CD-F9B3-35F4-B776-DDFE5C1F18F4}.RelWithDebInfo|x64.Build.0 = RelWithDebInfo|x64
		{728E9433-7B9C-3EF2-84C4-8CAD151AC6BD}.Debug|x64.ActiveCfg = Debug|x64
		{728E9433-7B9C-3EF2-84C4-8CAD151AC6BD}.Debug|x64.Build.0 = Debug|x64
		{728E9433-7B9C-3EF2-84C4-8CAD151AC6BD}.Release|x64.ActiveCfg = Release|x64
		{728E9433-7B9C-3EF2-84C4-8CAD151AC6BD}.Release|x64.Build.0 = Release|x64
		{728E9433-7B9C-3EF2-84C4-8CAD151AC6BD}.MinSizeRel|x64.ActiveCfg = MinSizeRel|x64
		{728E9433-7B9C-3EF2-84C4-8CAD151AC6BD}.MinSizeRel|x64.Build.0 = MinSizeRel|x64
		{728E9433-7B9C-3EF2-84C4-8CAD151AC6BD}.RelWithDebInfo|x64.ActiveCfg = RelWithDebInfo|x64
		{728E9433-7B9C-3EF2-84C4-8CAD151AC6BD}.RelWithDebInfo|x64.Build.0 = RelWithDebInfo|x64
		{D43DA770-2D32-3681-87DB-5861A903E2E2}.Debug|x64.ActiveCfg = Debug|x64
		{D43DA770-2D32-3681-87DB-5861A903E2E2}.Debug|x64.Build.0 = Debug|x64
		{D43DA770-2D32-3681-87DB-5861A903E2E2}.Release|x64.ActiveCfg = Release|x64
		{D43DA770-2D32-3681-87DB-5861A903E2E2}.Release|x64.Build.0 = Release|x64
		{D43DA770-2D32-3681-87DB-5861A903E2E2}.MinSizeRel|x64.ActiveCfg = MinSizeRel|x64
		{D43DA770-2D32-3681-87DB-5861A903E2E2}.MinSizeRel|x64.Build.0 = MinSizeRel|x64
		{D43DA770-2D32-3681-87DB-5861A903E2E2}.RelWithDebInfo|x64.ActiveCfg = RelWithDebInfo|x64
		{D43DA770-2D32-3681-87DB-5861A903E2E2}.RelWithDebInfo|x64.Build.0 = RelWithDebInfo|x64
		{49B913E3-847F-307E-82DB-0AFFCEBA719A}.Debug|x64.ActiveCfg = Debug|x64
		{49B913E3-847F-307E-82DB-0AFFCEBA719A}.Debug|x64.Build.0 = Debug|x64
		{49B913E3-847F-307E-82DB-0AFFCEBA719A}.Release|x64.ActiveCfg = Release|x64
		{49B913E3-847F-307E-82DB-0AFFCEBA719A}.Release|x64.Build.0 = Release|x64
		{49B913E3-847F-307E-82DB-0AFFCEBA719A}.MinSizeRel|x64.ActiveCfg = MinSizeRel|x64
		{49B913E3-847F-307E-82DB-0AFFCEBA719A}.MinSizeRel|x64.Build.0 = MinSizeRel|x64
		{49B913E3-847F-307E-82DB-0AFFCEBA719A}.RelWithDebInfo|x64.ActiveCfg = RelWithDebInfo|x64
		{49B913E3-847F-307E-82DB-0AFFCEBA719A}.RelWithDebInfo|x64.Build.0 = RelWithDebInfo|x64
		{9686338F-D6FA-3C60-B2F5-82285F55FEC5}.Debug|x64.ActiveCfg = Debug|x64
		{9686338F-D6FA-3C60-B2F5-82285F55FEC5}.Debug|x64.Build.0 = Debug|x64
		{9686338F-D6FA-3C60-B2F5-82285F55FEC5}.Release|x64.ActiveCfg = Release|x64
		{9686338F-D6FA-3C60-B2F5-82285F55FEC5}.Release|x64.Build.0 = Release|x64
		{9686338F-D6FA-3C60-B2F5-82285F55FEC5}.MinSizeRel|x64.ActiveCfg = MinSizeRel|x64
		{9686338F-D6FA-3C60-B2F5-82285F55FEC5}.MinSizeRel|x64.Build.0 = MinSizeRel|x64
		{9686338F-D6FA-3C60-B2F5-82285F55FEC5}.RelWithDebInfo|x64.ActiveCfg = RelWithDebInfo|x64
		{9686338F-D6FA-3C60-B2F5-82285F55FEC5}.RelWithDebInfo|x64.Build.0 = RelWithDebInfo|x64
		{073AA9D7-53B2-3919-B0EC-FD1F6E5F1145}.Debug|x64.ActiveCfg = Debug|x64
		{073AA9D7-53B2-3919-B0EC-FD1F6E5F1145}.Debug|x64.Build.0 = Debug|x64
		{073AA9D7-53B2-3919-B0EC-FD1F6E5F1145}.Release|x64.ActiveCfg = Release|x64
		{073AA9D7-53B2-3919-B0EC-FD1F6E5F1145}.Release|x64.Build.0 = Release|x64
		{073AA9D7-53B2-3919-B0EC-FD1F6E5F1145}.MinSizeRel|x64.ActiveCfg = MinSizeRel|x64
		{073AA9D7-53B2-3919-B0EC-FD1F6E5F1145}.MinSizeRel|x64.Build.0 = MinSizeRel|x64
		{073AA9D7-53B2-3919-B0EC-FD1F6E5F1145}.RelWithDebInfo|x64.ActiveCfg = RelWithDebInfo|x64
		{073AA9D7-53B2-3919-B0EC-FD1F6E5F1145}.RelWithDebInfo|x64.Build.0 = RelWithDebInfo|x64
		{85D194C8-8579-3ECD-9BB2-59AA2252F5D5}.Debug|x64.ActiveCfg = Debug|x64
		{85D194C8-8579-3ECD-9BB2-59AA2252F5D5}.Debug|x64.Build.0 = Debug|x64
		{85D194C8-8579-3ECD-9BB2-59AA2252F5D5}.Release|x64.ActiveCfg = Release|x64
		{85D194C8-8579-3ECD-9BB2-59AA2252F5D5}.Release|x64.Build.0 = Release|x64
		{85D194C8-8579-3ECD-9BB2-59AA2252F5D5}.MinSizeRel|x64.ActiveCfg = MinSizeRel|x64
		{85D194C8-8579-3ECD-9BB2-59AA2252F5D5}.MinSizeRel|x64.Build.0 = MinSizeRel|x64
		{85D194C8-8579-3ECD-9BB2-59AA2252F5D5}.RelWithDebInfo|x64.ActiveCfg = RelWithDebInfo|x64
		{85D194C8-8579-3ECD-9BB2-59AA2252F5D5}.RelWithDebInfo|x64.Build.0 = RelWithDebInfo|x64
		{869BFF7A-BB80-3C98-8540-A8A585D0E541}.Debug|x64.ActiveCfg = Debug|x64
		{869BFF7A-BB80-3C98-8540-A8A585D0E541}.Debug|x64.Build.0 = Debug|x64
		{869BFF7A-BB80-3C98-8540-A8A585D0E541}.Release|x64.ActiveCfg = Release|x64
		{869BFF7A-BB80-3C98-8540-A8A585D0E541}.Release|x64.Build.0 = Release|x64
		{869BFF7A-BB80-3C98-8540-A8A585D0E541}.MinSizeRel|x64.ActiveCfg = MinSizeRel|x64
		{869BFF7A-BB80-3C98-8540-A8A585D0E541}.MinSizeRel|x64.Build.0 = MinSizeRel|x64
		{869BFF7A-BB80-3C98-8540-A8A585D0E541}.RelWithDebInfo|x64.ActiveCfg = RelWithDebInfo|x64
		{869BFF7A-BB80-3C98-8540-A8A585D0E541}.RelWithDebInfo|x64.Build.0 = RelWithDebInfo|x64
		{0E74652B-E60D-3B0F-A8FF-E5E4E788A119}.Debug|x64.ActiveCfg = Debug|x64
		{0E74652B-E60D-3B0F-A8FF-E5E4E788A119}.Debug|x64.Build.0 = Debug|x64
		{0E74652B-E60D-3B0F-A8FF-E5E4E788A119}.Release|x64.ActiveCfg = Release|x64
		{0E74652B-E60D-3B0F-A8FF-E5E4E788A119}.Release|x64.Build.0 = Release|x64
		{0E74652B-E60D-3B0F-A8FF-E5E4E788A119}.MinSizeRel|x64.ActiveCfg = MinSizeRel|x64
		{0E74652B-E60D-3B0F-A8FF-E5E4E788A119}.MinSizeRel|x64.Build.0 = MinSizeRel|x64
		{0E74652B-E60D-3B0F-A8FF-E5E4E788A119}.RelWithDebInfo|x64.ActiveCfg = RelWithDebInfo|x64
		{0E74652B-E60D-3B0F-A8FF-E5E4E788A119}.RelWithDebInfo|x64.Build.0 = RelWithDebInfo|x64
		{C2751F7F-D770-389F-8C17-5E39D7ED47D1}.Debug|x64.ActiveCfg = Debug|x64
		{C2751F7F-D770-389F-8C17-5E39D7ED47D1}.Debug|x64.Build.0 = Debug|x64
		{C2751F7F-D770-389F-8C17-5E39D7ED47D1}.Release|x64.ActiveCfg = Release|x64
		{C2751F7F-D770-389F-8C17-5E39D7ED47D1}.Release|x64.Build.0 = Release|x64
		{C2751F7F-D770-389F-8C17-5E39D7ED47D1}.MinSizeRel|x64.ActiveCfg = MinSizeRel|x64
		{C2751F7F-D770-389F-8C17-5E39D7ED47D1}.MinSizeRel|x64.Build.0 = MinSizeRel|x64
		{C2751F7F-D770-389F-8C17-5E39D7ED47D1}.RelWithDebInfo|x64.ActiveCfg = RelWithDebInfo|x64
		{C2751F7F-D770-389F-8C17-5E39D7ED47D1}.RelWithDebInfo|x64.Build.0 = RelWithDebInfo|x64
		{207FD603-F0FD-3C82-9E58-1A6456450258}.Debug|x64.ActiveCfg = Debug|x64
		{207FD603-F0FD-3C82-9E58-1A6456450258}.Debug|x64.Build.0 = Debug|x64
		{207FD603-F0FD-3C82-9E58-1A6456450258}.Release|x64.ActiveCfg = Release|x64
		{207FD603-F0FD-3C82-9E58-1A6456450258}.Release|x64.Build.0 = Release|x64
		{207FD603-F0FD-3C82-9E58-1A6456450258}.MinSizeRel|x64.ActiveCfg = MinSizeRel|x64
		{207FD603-F0FD-3C82-9E58-1A6456450258}.MinSizeRel|x64.Build.0 = MinSizeRel|x64
		{207FD603-F0FD-3C82-9E58-1A6456450258}.RelWithDebInfo|x64.ActiveCfg = RelWithDebInfo|x64
		{207FD603-F0FD-3C82-9E58-1A6456450258}.RelWithDebInfo|x64.Build.0 = RelWithDebInfo|x64
		{64126B00-D881-3F67-8585-D2D4AB0D5D98}.Debug|x64.ActiveCfg = Debug|x64
		{64126B00-D881-3F67-8585-D2D4AB0D5D98}.Debug|x64.Build.0 = Debug|x64
		{64126B00-D881-3F67-8585-D2D4AB0D5D98}.Release|x64.ActiveCfg = Release|x64
		{64126B00-D881-3F67-8585-D2D4AB0D5D98}.Release|x64.Build.0 = Release|x64
		{64126B00-D881-3F67-8585-D2D4AB0D5D98}.MinSizeRel|x64.ActiveCfg = MinSizeRel|x64
		{64126B00-D881-3F67-8585-D2D4AB0D5D98}.MinSizeRel|x64.Build.0 = MinSizeRel|x64
		{64126B00-D881-3F67-8585-D2D4AB0D5D98}.RelWithDebInfo|x64.ActiveCfg = RelWithDebInfo|x64
		{64126B00-D881-3F67-8585-D2D4AB0D5D98}.RelWithDebInfo|x64.Build.0 = RelWithDebInfo|x64
		{326A6CA7-E02E-3D69-8692-F7BF5170BF48}.Debug|x64.ActiveCfg = Debug|x64
		{326A6CA7-E02E-3D69-8692-F7BF5170BF48}.Debug|x64.Build.0 = Debug|x64
		{326A6CA7-E02E-3D69-8692-F7BF5170BF48}.Release|x64.ActiveCfg = Release|x64
		{326A6CA7-E02E-3D69-8692-F7BF5170BF48}.Release|x64.Build.0 = Release|x64
		{326A6CA7-E02E-3D69-8692-F7BF5170BF48}.MinSizeRel|x64.ActiveCfg = MinSizeRel|x64
		{326A6CA7-E02E-3D69-8692-F7BF5170BF48}.MinSizeRel|x64.Build.0 = MinSizeRel|x64
		{326A6CA7-E02E-3D69-8692-F7BF5170BF48}.RelWithDebInfo|x64.ActiveCfg = RelWithDebInfo|x64
		{326A6CA7-E02E-3D69-8692-F7BF5170BF48}.RelWithDebInfo|x64.Build.0 = RelWithDebInfo|x64
		{F1AEE18C-D456-3284-990A-DDE2FE490B3E}.Debug|x64.ActiveCfg = Debug|x64
		{F1AEE18C-D456-3284-990A-DDE2FE490B3E}.Debug|x64.Build.0 = Debug|x64
		{F1AEE18C-D456-3284-990A-DDE2FE490B3E}.Release|x64.ActiveCfg = Release|x64
		{F1AEE18C-D456-3284-990A-DDE2FE490B3E}.Release|x64.Build.0 = Release|x64
		{F1AEE18C-D456-3284-990A-DDE2FE490B3E}.MinSizeRel|x64.ActiveCfg = MinSizeRel|x64
		{F1AEE18C-D456-3284-990A-DDE2FE490B3E}.MinSizeRel|x64.Build.0 = MinSizeRel|x64
		{F1AEE18C-D456-3284-990A-DDE2FE490B3E}.RelWithDebInfo|x64.ActiveCfg = RelWithDebInfo|x64
		{F1AEE18C-D456-3284-990A-DDE2FE490B3E}.RelWithDebInfo|x64.Build.0 = RelWithDebInfo|x64
		{65543D5A-4F36-3383-BBE5-FA803658379B}.Debug|x64.ActiveCfg = Debug|x64
		{65543D5A-4F36-3383-BBE5-FA803658379B}.Debug|x64.Build.0 = Debug|x64
		{65543D5A-4F36-3383-BBE5-FA803658379B}.Release|x64.ActiveCfg = Release|x64
		{65543D5A-4F36-3383-BBE5-FA803658379B}.Release|x64.Build.0 = Release|x64
		{65543D5A-4F36-3383-BBE5-FA803658379B}.MinSizeRel|x64.ActiveCfg = MinSizeRel|x64
		{65543D5A-4F36-3383-BBE5-FA803658379B}.MinSizeRel|x64.Build.0 = MinSizeRel|x64
		{65543D5A-4F36-3383-BBE5-FA803658379B}.RelWithDebInfo|x64.ActiveCfg = RelWithDebInfo|x64
		{65543D5A-4F36-3383-BBE5-FA803658379B}.RelWithDebInfo|x64.Build.0 = RelWithDebInfo|x64
		{9D721FE8-DE72-3D39-94B3-4DB9F4A659F9}.Debug|x64.ActiveCfg = Debug|x64
		{9D721FE8-DE72-3D39-94B3-4DB9F4A659F9}.Debug|x64.Build.0 = Debug|x64
		{9D721FE8-DE72-3D39-94B3-4DB9F4A659F9}.Release|x64.ActiveCfg = Release|x64
		{9D721FE8-DE72-3D39-94B3-4DB9F4A659F9}.Release|x64.Build.0 = Release|x64
		{9D721FE8-DE72-3D39-94B3-4DB9F4A659F9}.MinSizeRel|x64.ActiveCfg = MinSizeRel|x64
		{9D721FE8-DE72-3D39-94B3-4DB9F4A659F9}.MinSizeRel|x64.Build.0 = MinSizeRel|x64
		{9D721FE8-DE72-3D39-94B3-4DB9F4A659F9}.RelWithDebInfo|x64.ActiveCfg = RelWithDebInfo|x64
		{9D721FE8-DE72-3D39-94B3-4DB9F4A659F9}.RelWithDebInfo|x64.Build.0 = RelWithDebInfo|x64
		{AA738EB4-27E2-3451-9831-2D7B03CB5A86}.Debug|x64.ActiveCfg = Debug|x64
		{AA738EB4-27E2-3451-9831-2D7B03CB5A86}.Debug|x64.Build.0 = Debug|x64
		{AA738EB4-27E2-3451-9831-2D7B03CB5A86}.Release|x64.ActiveCfg = Release|x64
		{AA738EB4-27E2-3451-9831-2D7B03CB5A86}.Release|x64.Build.0 = Release|x64
		{AA738EB4-27E2-3451-9831-2D7B03CB5A86}.MinSizeRel|x64.ActiveCfg = MinSizeRel|x64
		{AA738EB4-27E2-3451-9831-2D7B03CB5A86}.MinSizeRel|x64.Build.0 = MinSizeRel|x64
		{AA738EB4-27E2-3451-9831-2D7B03CB5A86}.RelWithDebInfo|x64.ActiveCfg = RelWithDebInfo|x64
		{AA738EB4-27E2-3451-9831-2D7B03CB5A86}.RelWithDebInfo|x64.Build.0 = RelWithDebInfo|x64
		{8DFA3511-0D0A-3043-AFE4-26D0F2C3AE06}.Debug|x64.ActiveCfg = Debug|x64
		{8DFA3511-0D0A-3043-AFE4-26D0F2C3AE06}.Debug|x64.Build.0 = Debug|x64
		{8DFA3511-0D0A-3043-AFE4-26D0F2C3AE06}.Release|x64.ActiveCfg = Release|x64
		{8DFA3511-0D0A-3043-AFE4-26D0F2C3AE06}.Release|x64.Build.0 = Release|x64
		{8DFA3511-0D0A-3043-AFE4-26D0F2C3AE06}.MinSizeRel|x64.ActiveCfg = MinSizeRel|x64
		{8DFA3511-0D0A-3043-AFE4-26D0F2C3AE06}.MinSizeRel|x64.Build.0 = MinSizeRel|x64
		{8DFA3511-0D0A-3043-AFE4-26D0F2C3AE06}.RelWithDebInfo|x64.ActiveCfg = RelWithDebInfo|x64
		{8DFA3511-0D0A-3043-AFE4-26D0F2C3AE06}.RelWithDebInfo|x64.Build.0 = RelWithDebInfo|x64
		{FC832BDE-768C-3E39-AE9F-6E42818518A3}.Debug|x64.ActiveCfg = Debug|x64
		{FC832BDE-768C-3E39-AE9F-6E42818518A3}.Debug|x64.Build.0 = Debug|x64
		{FC832BDE-768C-3E39-AE9F-6E42818518A3}.Release|x64.ActiveCfg = Release|x64
		{FC832BDE-768C-3E39-AE9F-6E42818518A3}.Release|x64.Build.0 = Release|x64
		{FC832BDE-768C-3E39-AE9F-6E42818518A3}.MinSizeRel|x64.ActiveCfg = MinSizeRel|x64
		{FC832BDE-768C-3E39-AE9F-6E42818518A3}.MinSizeRel|x64.Build.0 = MinSizeRel|x64
		{FC832BDE-768C-3E39-AE9F-6E42818518A3}.RelWithDebInfo|x64.ActiveCfg = RelWithDebInfo|x64
		{FC832BDE-768C-3E39-AE9F-6E42818518A3}.RelWithDebInfo|x64.Build.0 = RelWithDebInfo|x64
		{BFFAACB7-9C23-3058-A803-36BD50F4EC68}.Debug|x64.ActiveCfg = Debug|x64
		{BFFAACB7-9C23-3058-A803-36BD50F4EC68}.Debug|x64.Build.0 = Debug|x64
		{BFFAACB7-9C23-3058-A803-36BD50F4EC68}.Release|x64.ActiveCfg = Release|x64
		{BFFAACB7-9C23-3058-A803-36BD50F4EC68}.Release|x64.Build.0 = Release|x64
		{BFFAACB7-9C23-3058-A803-36BD50F4EC68}.MinSizeRel|x64.ActiveCfg = MinSizeRel|x64
		{BFFAACB7-9C23-3058-A803-36BD50F4EC68}.MinSizeRel|x64.Build.0 = MinSizeRel|x64
		{BFFAACB7-9C23-3058-A803-36BD50F4EC68}.RelWithDebInfo|x64.ActiveCfg = RelWithDebInfo|x64
		{BFFAACB7-9C23-3058-A803-36BD50F4EC68}.RelWithDebInfo|x64.Build.0 = RelWithDebInfo|x64
		{6BD741AA-D966-3574-9A87-179E9276CBF9}.Debug|x64.ActiveCfg = Debug|x64
		{6BD741AA-D966-3574-9A87-179E9276CBF9}.Debug|x64.Build.0 = Debug|x64
		{6BD741AA-D966-3574-9A87-179E9276CBF9}.Release|x64.ActiveCfg = Release|x64
		{6BD741AA-D966-3574-9A87-179E9276CBF9}.Release|x64.Build.0 = Release|x64
		{6BD741AA-D966-3574-9A87-179E9276CBF9}.MinSizeRel|x64.ActiveCfg = MinSizeRel|x64
		{6BD741AA-D966-3574-9A87-179E9276CBF9}.MinSizeRel|x64.Build.0 = MinSizeRel|x64
		{6BD741AA-D966-3574-9A87-179E9276CBF9}.RelWithDebInfo|x64.ActiveCfg = RelWithDebInfo|x64
		{6BD741AA-D966-3574-9A87-179E9276CBF9}.RelWithDebInfo|x64.Build.0 = RelWithDebInfo|x64
		{AD2D805F-A95C-35B0-80C2-1118C54104C3}.Debug|x64.ActiveCfg = Debug|x64
		{AD2D805F-A95C-35B0-80C2-1118C54104C3}.Debug|x64.Build.0 = Debug|x64
		{AD2D805F-A95C-35B0-80C2-1118C54104C3}.Release|x64.ActiveCfg = Release|x64
		{AD2D805F-A95C-35B0-80C2-1118C54104C3}.Release|x64.Build.0 = Release|x64
		{AD2D805F-A95C-35B0-80C2-1118C54104C3}.MinSizeRel|x64.ActiveCfg = MinSizeRel|x64
		{AD2D805F-A95C-35B0-80C2-1118C54104C3}.MinSizeRel|x64.Build.0 = MinSizeRel|x64
		{AD2D805F-A95C-35B0-80C2-1118C54104C3}.RelWithDebInfo|x64.ActiveCfg = RelWithDebInfo|x64
		{AD2D805F-A95C-35B0-80C2-1118C54104C3}.RelWithDebInfo|x64.Build.0 = RelWithDebInfo|x64
		{ED25C145-27FC-3A0F-BA21-EBD642BACD05}.Debug|x64.ActiveCfg = Debug|x64
		{ED25C145-27FC-3A0F-BA21-EBD642BACD05}.Debug|x64.Build.0 = Debug|x64
		{ED25C145-27FC-3A0F-BA21-EBD642BACD05}.Release|x64.ActiveCfg = Release|x64
		{ED25C145-27FC-3A0F-BA21-EBD642BACD05}.Release|x64.Build.0 = Release|x64
		{ED25C145-27FC-3A0F-BA21-EBD642BACD05}.MinSizeRel|x64.ActiveCfg = MinSizeRel|x64
		{ED25C145-27FC-3A0F-BA21-EBD642BACD05}.MinSizeRel|x64.Build.0 = MinSizeRel|x64
		{ED25C145-27FC-3A0F-BA21-EBD642BACD05}.RelWithDebInfo|x64.ActiveCfg = RelWithDebInfo|x64
		{ED25C145-27FC-3A0F-BA21-EBD642BACD05}.RelWithDebInfo|x64.Build.0 = RelWithDebInfo|x64
		{B0595D57-2AF2-30BA-B660-F88AB6B24E6E}.Debug|x64.ActiveCfg = Debug|x64
		{B0595D57-2AF2-30BA-B660-F88AB6B24E6E}.Debug|x64.Build.0 = Debug|x64
		{B0595D57-2AF2-30BA-B660-F88AB6B24E6E}.Release|x64.ActiveCfg = Release|x64
		{B0595D57-2AF2-30BA-B660-F88AB6B24E6E}.Release|x64.Build.0 = Release|x64
		{B0595D57-2AF2-30BA-B660-F88AB6B24E6E}.MinSizeRel|x64.ActiveCfg = MinSizeRel|x64
		{B0595D57-2AF2-30BA-B660-F88AB6B24E6E}.MinSizeRel|x64.Build.0 = MinSizeRel|x64
		{B0595D57-2AF2-30BA-B660-F88AB6B24E6E}.RelWithDebInfo|x64.ActiveCfg = RelWithDebInfo|x64
		{B0595D57-2AF2-30BA-B660-F88AB6B24E6E}.RelWithDebInfo|x64.Build.0 = RelWithDebInfo|x64
		{A0ECBF4B-69D3-3C1F-8AF0-4E16CC5D2ECD}.Debug|x64.ActiveCfg = Debug|x64
		{A0ECBF4B-69D3-3C1F-8AF0-4E16CC5D2ECD}.Debug|x64.Build.0 = Debug|x64
		{A0ECBF4B-69D3-3C1F-8AF0-4E16CC5D2ECD}.Release|x64.ActiveCfg = Release|x64
		{A0ECBF4B-69D3-3C1F-8AF0-4E16CC5D2ECD}.Release|x64.Build.0 = Release|x64
		{A0ECBF4B-69D3-3C1F-8AF0-4E16CC5D2ECD}.MinSizeRel|x64.ActiveCfg = MinSizeRel|x64
		{A0ECBF4B-69D3-3C1F-8AF0-4E16CC5D2ECD}.MinSizeRel|x64.Build.0 = MinSizeRel|x64
		{A0ECBF4B-69D3-3C1F-8AF0-4E16CC5D2ECD}.RelWithDebInfo|x64.ActiveCfg = RelWithDebInfo|x64
		{A0ECBF4B-69D3-3C1F-8AF0-4E16CC5D2ECD}.RelWithDebInfo|x64.Build.0 = RelWithDebInfo|x64
		{F93D03E4-50A3-3E5F-AD7C-1C64C668447B}.Debug|x64.ActiveCfg = Debug|x64
		{F93D03E4-50A3-3E5F-AD7C-1C64C668447B}.Debug|x64.Build.0 = Debug|x64
		{F93D03E4-50A3-3E5F-AD7C-1C64C668447B}.Release|x64.ActiveCfg = Release|x64
		{F93D03E4-50A3-3E5F-AD7C-1C64C668447B}.Release|x64.Build.0 = Release|x64
		{F93D03E4-50A3-3E5F-AD7C-1C64C668447B}.MinSizeRel|x64.ActiveCfg = MinSizeRel|x64
		{F93D03E4-50A3-3E5F-AD7C-1C64C668447B}.MinSizeRel|x64.Build.0 = MinSizeRel|x64
		{F93D03E4-50A3-3E5F-AD7C-1C64C668447B}.RelWithDebInfo|x64.ActiveCfg = RelWithDebInfo|x64
		{F93D03E4-50A3-3E5F-AD7C-1C64C668447B}.RelWithDebInfo|x64.Build.0 = RelWithDebInfo|x64
		{4DE9BD19-0578-3703-8867-094E682EBAF4}.Debug|x64.ActiveCfg = Debug|x64
		{4DE9BD19-0578-3703-8867-094E682EBAF4}.Debug|x64.Build.0 = Debug|x64
		{4DE9BD19-0578-3703-8867-094E682EBAF4}.Release|x64.ActiveCfg = Release|x64
		{4DE9BD19-0578-3703-8867-094E682EBAF4}.Release|x64.Build.0 = Release|x64
		{4DE9BD19-0578-3703-8867-094E682EBAF4}.MinSizeRel|x64.ActiveCfg = MinSizeRel|x64
		{4DE9BD19-0578-3703-8867-094E682EBAF4}.MinSizeRel|x64.Build.0 = MinSizeRel|x64
		{4DE9BD19-0578-3703-8867-094E682EBAF4}.RelWithDebInfo|x64.ActiveCfg = RelWithDebInfo|x64
		{4DE9BD19-0578-3703-8867-094E682EBAF4}.RelWithDebInfo|x64.Build.0 = RelWithDebInfo|x64
		{1BD2E457-87C9-36D7-AD4D-03BEEDD61405}.Debug|x64.ActiveCfg = Debug|x64
		{1BD2E457-87C9-36D7-AD4D-03BEEDD61405}.Debug|x64.Build.0 = Debug|x64
		{1BD2E457-87C9-36D7-AD4D-03BEEDD61405}.Release|x64.ActiveCfg = Release|x64
		{1BD2E457-87C9-36D7-AD4D-03BEEDD61405}.Release|x64.Build.0 = Release|x64
		{1BD2E457-87C9-36D7-AD4D-03BEEDD61405}.MinSizeRel|x64.ActiveCfg = MinSizeRel|x64
		{1BD2E457-87C9-36D7-AD4D-03BEEDD61405}.MinSizeRel|x64.Build.0 = MinSizeRel|x64
		{1BD2E457-87C9-36D7-AD4D-03BEEDD61405}.RelWithDebInfo|x64.ActiveCfg = RelWithDebInfo|x64
		{1BD2E457-87C9-36D7-AD4D-03BEEDD61405}.RelWithDebInfo|x64.Build.0 = RelWithDebInfo|x64
		{1B752258-1F5B-3A05-8D94-AFD47F2C1773}.Debug|x64.ActiveCfg = Debug|x64
		{1B752258-1F5B-3A05-8D94-AFD47F2C1773}.Debug|x64.Build.0 = Debug|x64
		{1B752258-1F5B-3A05-8D94-AFD47F2C1773}.Release|x64.ActiveCfg = Release|x64
		{1B752258-1F5B-3A05-8D94-AFD47F2C1773}.Release|x64.Build.0 = Release|x64
		{1B752258-1F5B-3A05-8D94-AFD47F2C1773}.MinSizeRel|x64.ActiveCfg = MinSizeRel|x64
		{1B752258-1F5B-3A05-8D94-AFD47F2C1773}.MinSizeRel|x64.Build.0 = MinSizeRel|x64
		{1B752258-1F5B-3A05-8D94-AFD47F2C1773}.RelWithDebInfo|x64.ActiveCfg = RelWithDebInfo|x64
		{1B752258-1F5B-3A05-8D94-AFD47F2C1773}.RelWithDebInfo|x64.Build.0 = RelWithDebInfo|x64
		{2BAF51CF-FA58-3FA4-989F-B665F5B8E859}.Debug|x64.ActiveCfg = Debug|x64
		{2BAF51CF-FA58-3FA4-989F-B665F5B8E859}.Debug|x64.Build.0 = Debug|x64
		{2BAF51CF-FA58-3FA4-989F-B665F5B8E859}.Release|x64.ActiveCfg = Release|x64
		{2BAF51CF-FA58-3FA4-989F-B665F5B8E859}.Release|x64.Build.0 = Release|x64
		{2BAF51CF-FA58-3FA4-989F-B665F5B8E859}.MinSizeRel|x64.ActiveCfg = MinSizeRel|x64
		{2BAF51CF-FA58-3FA4-989F-B665F5B8E859}.MinSizeRel|x64.Build.0 = MinSizeRel|x64
		{2BAF51CF-FA58-3FA4-989F-B665F5B8E859}.RelWithDebInfo|x64.ActiveCfg = RelWithDebInfo|x64
		{2BAF51CF-FA58-3FA4-989F-B665F5B8E859}.RelWithDebInfo|x64.Build.0 = RelWithDebInfo|x64
		{528E91A9-7691-3C00-A894-0BCF1065C4D4}.Debug|x64.ActiveCfg = Debug|x64
		{528E91A9-7691-3C00-A894-0BCF1065C4D4}.Debug|x64.Build.0 = Debug|x64
		{528E91A9-7691-3C00-A894-0BCF1065C4D4}.Release|x64.ActiveCfg = Release|x64
		{528E91A9-7691-3C00-A894-0BCF1065C4D4}.Release|x64.Build.0 = Release|x64
		{528E91A9-7691-3C00-A894-0BCF1065C4D4}.MinSizeRel|x64.ActiveCfg = MinSizeRel|x64
		{528E91A9-7691-3C00-A894-0BCF1065C4D4}.MinSizeRel|x64.Build.0 = MinSizeRel|x64
		{528E91A9-7691-3C00-A894-0BCF1065C4D4}.RelWithDebInfo|x64.ActiveCfg = RelWithDebInfo|x64
		{528E91A9-7691-3C00-A894-0BCF1065C4D4}.RelWithDebInfo|x64.Build.0 = RelWithDebInfo|x64
		{53D94DDD-66B4-3F6E-A044-C7F87FC03D0A}.Debug|x64.ActiveCfg = Debug|x64
		{53D94DDD-66B4-3F6E-A044-C7F87FC03D0A}.Debug|x64.Build.0 = Debug|x64
		{53D94DDD-66B4-3F6E-A044-C7F87FC03D0A}.Release|x64.ActiveCfg = Release|x64
		{53D94DDD-66B4-3F6E-A044-C7F87FC03D0A}.Release|x64.Build.0 = Release|x64
		{53D94DDD-66B4-3F6E-A044-C7F87FC03D0A}.MinSizeRel|x64.ActiveCfg = MinSizeRel|x64
		{53D94DDD-66B4-3F6E-A044-C7F87FC03D0A}.MinSizeRel|x64.Build.0 = MinSizeRel|x64
		{53D94DDD-66B4-3F6E-A044-C7F87FC03D0A}.RelWithDebInfo|x64.ActiveCfg = RelWithDebInfo|x64
		{53D94DDD-66B4-3F6E-A044-C7F87FC03D0A}.RelWithDebInfo|x64.Build.0 = RelWithDebInfo|x64
		{30E58300-8DE1-3D8D-A4A7-B7397C3A629D}.Debug|x64.ActiveCfg = Debug|x64
		{30E58300-8DE1-3D8D-A4A7-B7397C3A629D}.Debug|x64.Build.0 = Debug|x64
		{30E58300-8DE1-3D8D-A4A7-B7397C3A629D}.Release|x64.ActiveCfg = Release|x64
		{30E58300-8DE1-3D8D-A4A7-B7397C3A629D}.Release|x64.Build.0 = Release|x64
		{30E58300-8DE1-3D8D-A4A7-B7397C3A629D}.MinSizeRel|x64.ActiveCfg = MinSizeRel|x64
		{30E58300-8DE1-3D8D-A4A7-B7397C3A629D}.MinSizeRel|x64.Build.0 = MinSizeRel|x64
		{30E58300-8DE1-3D8D-A4A7-B7397C3A629D}.RelWithDebInfo|x64.ActiveCfg = RelWithDebInfo|x64
		{30E58300-8DE1-3D8D-A4A7-B7397C3A629D}.RelWithDebInfo|x64.Build.0 = RelWithDebInfo|x64
		{68952075-99B8-37CF-8160-32E9C478D67D}.Debug|x64.ActiveCfg = Debug|x64
		{68952075-99B8-37CF-8160-32E9C478D67D}.Debug|x64.Build.0 = Debug|x64
		{68952075-99B8-37CF-8160-32E9C478D67D}.Release|x64.ActiveCfg = Release|x64
		{68952075-99B8-37CF-8160-32E9C478D67D}.Release|x64.Build.0 = Release|x64
		{68952075-99B8-37CF-8160-32E9C478D67D}.MinSizeRel|x64.ActiveCfg = MinSizeRel|x64
		{68952075-99B8-37CF-8160-32E9C478D67D}.MinSizeRel|x64.Build.0 = MinSizeRel|x64
		{68952075-99B8-37CF-8160-32E9C478D67D}.RelWithDebInfo|x64.ActiveCfg = RelWithDebInfo|x64
		{68952075-99B8-37CF-8160-32E9C478D67D}.RelWithDebInfo|x64.Build.0 = RelWithDebInfo|x64
		{2C4DC5B2-99DF-3A9B-865F-DC08B399AEA0}.Debug|x64.ActiveCfg = Debug|x64
		{2C4DC5B2-99DF-3A9B-865F-DC08B399AEA0}.Release|x64.ActiveCfg = Release|x64
		{2C4DC5B2-99DF-3A9B-865F-DC08B399AEA0}.MinSizeRel|x64.ActiveCfg = MinSizeRel|x64
		{2C4DC5B2-99DF-3A9B-865F-DC08B399AEA0}.RelWithDebInfo|x64.ActiveCfg = RelWithDebInfo|x64
		{DF4E6742-1212-3021-836B-3EF77C8A30CB}.Debug|x64.ActiveCfg = Debug|x64
		{DF4E6742-1212-3021-836B-3EF77C8A30CB}.Debug|x64.Build.0 = Debug|x64
		{DF4E6742-1212-3021-836B-3EF77C8A30CB}.Release|x64.ActiveCfg = Release|x64
		{DF4E6742-1212-3021-836B-3EF77C8A30CB}.Release|x64.Build.0 = Release|x64
		{DF4E6742-1212-3021-836B-3EF77C8A30CB}.MinSizeRel|x64.ActiveCfg = MinSizeRel|x64
		{DF4E6742-1212-3021-836B-3EF77C8A30CB}.MinSizeRel|x64.Build.0 = MinSizeRel|x64
		{DF4E6742-1212-3021-836B-3EF77C8A30CB}.RelWithDebInfo|x64.ActiveCfg = RelWithDebInfo|x64
		{DF4E6742-1212-3021-836B-3EF77C8A30CB}.RelWithDebInfo|x64.Build.0 = RelWithDebInfo|x64
		{75CCFAA3-5E23-3770-93F4-FF2B5647B9E4}.Debug|x64.ActiveCfg = Debug|x64
		{75CCFAA3-5E23-3770-93F4-FF2B5647B9E4}.Debug|x64.Build.0 = Debug|x64
		{75CCFAA3-5E23-3770-93F4-FF2B5647B9E4}.Release|x64.ActiveCfg = Release|x64
		{75CCFAA3-5E23-3770-93F4-FF2B5647B9E4}.Release|x64.Build.0 = Release|x64
		{75CCFAA3-5E23-3770-93F4-FF2B5647B9E4}.MinSizeRel|x64.ActiveCfg = MinSizeRel|x64
		{75CCFAA3-5E23-3770-93F4-FF2B5647B9E4}.MinSizeRel|x64.Build.0 = MinSizeRel|x64
		{75CCFAA3-5E23-3770-93F4-FF2B5647B9E4}.RelWithDebInfo|x64.ActiveCfg = RelWithDebInfo|x64
		{75CCFAA3-5E23-3770-93F4-FF2B5647B9E4}.RelWithDebInfo|x64.Build.0 = RelWithDebInfo|x64
		{308DF93C-4361-3C5D-8271-BA353238772B}.Debug|x64.ActiveCfg = Debug|x64
		{308DF93C-4361-3C5D-8271-BA353238772B}.Debug|x64.Build.0 = Debug|x64
		{308DF93C-4361-3C5D-8271-BA353238772B}.Release|x64.ActiveCfg = Release|x64
		{308DF93C-4361-3C5D-8271-BA353238772B}.Release|x64.Build.0 = Release|x64
		{308DF93C-4361-3C5D-8271-BA353238772B}.MinSizeRel|x64.ActiveCfg = MinSizeRel|x64
		{308DF93C-4361-3C5D-8271-BA353238772B}.MinSizeRel|x64.Build.0 = MinSizeRel|x64
		{308DF93C-4361-3C5D-8271-BA353238772B}.RelWithDebInfo|x64.ActiveCfg = RelWithDebInfo|x64
		{308DF93C-4361-3C5D-8271-BA353238772B}.RelWithDebInfo|x64.Build.0 = RelWithDebInfo|x64
	EndGlobalSection
	GlobalSection(NestedProjects) = preSolution
		{78A8F415-D46E-302C-8442-4A15290D255D} = {60D13E20-BFAD-3A25-8E46-AEA31F5E2A17}
		{8BC16223-F5D3-32DF-9FB2-24615DC8A3F0} = {60D13E20-BFAD-3A25-8E46-AEA31F5E2A17}
		{C07AC95F-BE0E-30CF-896A-0C5E1A3585B2} = {60D13E20-BFAD-3A25-8E46-AEA31F5E2A17}
		{2CE88E3D-A720-31A3-A9C7-81AA80291131} = {4B3569C7-FD15-3C80-AF03-F80C9A69EBCF}
		{432BFA64-1FA5-3A78-A333-45ABC748D399} = {4B3569C7-FD15-3C80-AF03-F80C9A69EBCF}
		{DF2F18DD-D9E4-3079-AEEA-6BDF687D2110} = {4B3569C7-FD15-3C80-AF03-F80C9A69EBCF}
		{7D576DEB-A118-3235-98C1-1ACF72E3A973} = {2CE88E3D-A720-31A3-A9C7-81AA80291131}
		{C938354F-38FC-3C2C-BE76-993ADEFFE6EA} = {2CE88E3D-A720-31A3-A9C7-81AA80291131}
		{F07CDDF1-1684-3EA4-9443-710DB7FE7B5A} = {2CE88E3D-A720-31A3-A9C7-81AA80291131}
		{49B913E3-847F-307E-82DB-0AFFCEBA719A} = {2CE88E3D-A720-31A3-A9C7-81AA80291131}
		{869BFF7A-BB80-3C98-8540-A8A585D0E541} = {2CE88E3D-A720-31A3-A9C7-81AA80291131}
		{0E74652B-E60D-3B0F-A8FF-E5E4E788A119} = {2CE88E3D-A720-31A3-A9C7-81AA80291131}
		{DF4E6742-1212-3021-836B-3EF77C8A30CB} = {2CE88E3D-A720-31A3-A9C7-81AA80291131}
		{6C0DBE77-EF30-3029-8953-C899084C02BC} = {432BFA64-1FA5-3A78-A333-45ABC748D399}
		{07E67F54-FD80-3833-ADD0-8E32470373B7} = {432BFA64-1FA5-3A78-A333-45ABC748D399}
		{06579BA8-2AC5-397D-BA91-A6E286551C10} = {432BFA64-1FA5-3A78-A333-45ABC748D399}
		{8CB32C47-07F7-30D1-9DCC-6E44C3E4C49C} = {432BFA64-1FA5-3A78-A333-45ABC748D399}
		{49668AD0-57B3-387F-893B-E7A2A396FA26} = {432BFA64-1FA5-3A78-A333-45ABC748D399}
		{69B01B1D-64BF-32BD-828C-8935F8C0E61C} = {432BFA64-1FA5-3A78-A333-45ABC748D399}
		{E4D5E6C0-F6FB-322F-A497-32FDFC131CE4} = {432BFA64-1FA5-3A78-A333-45ABC748D399}
		{DC92BE73-5E49-3EED-A566-5B8E0FAFCC1A} = {432BFA64-1FA5-3A78-A333-45ABC748D399}
		{728E9433-7B9C-3EF2-84C4-8CAD151AC6BD} = {432BFA64-1FA5-3A78-A333-45ABC748D399}
		{D43DA770-2D32-3681-87DB-5861A903E2E2} = {432BFA64-1FA5-3A78-A333-45ABC748D399}
		{073AA9D7-53B2-3919-B0EC-FD1F6E5F1145} = {432BFA64-1FA5-3A78-A333-45ABC748D399}
		{85D194C8-8579-3ECD-9BB2-59AA2252F5D5} = {432BFA64-1FA5-3A78-A333-45ABC748D399}
		{C2751F7F-D770-389F-8C17-5E39D7ED47D1} = {432BFA64-1FA5-3A78-A333-45ABC748D399}
		{207FD603-F0FD-3C82-9E58-1A6456450258} = {432BFA64-1FA5-3A78-A333-45ABC748D399}
		{64126B00-D881-3F67-8585-D2D4AB0D5D98} = {432BFA64-1FA5-3A78-A333-45ABC748D399}
		{75CCFAA3-5E23-3770-93F4-FF2B5647B9E4} = {432BFA64-1FA5-3A78-A333-45ABC748D399}
	EndGlobalSection
	GlobalSection(ExtensibilityGlobals) = postSolution
		SolutionGuid = {18D53E7D-D3F0-34F6-B78A-03A1E0E9A9FE}
	EndGlobalSection
	GlobalSection(ExtensibilityAddIns) = postSolution
	EndGlobalSection
EndGlobal
